// !$*UTF8*$!
{
	archiveVersion = 1;
	classes = {
	};
	objectVersion = 56;
	objects = {

/* Begin PBXBuildFile section */
		351871AD2B20348500E79C4F /* Localizable.xcstrings in Resources */ = {isa = PBXBuildFile; fileRef = 351871AC2B20348500E79C4F /* Localizable.xcstrings */; };
		355D64852B8E2EF10055DB35 /* FirebaseAnalytics in Frameworks */ = {isa = PBXBuildFile; productRef = 355D64842B8E2EF10055DB35 /* FirebaseAnalytics */; };
		355D64872B8E2EF10055DB35 /* FirebaseAuth in Frameworks */ = {isa = PBXBuildFile; productRef = 355D64862B8E2EF10055DB35 /* FirebaseAuth */; };
		355D64892B8E2EF10055DB35 /* FirebaseCrashlytics in Frameworks */ = {isa = PBXBuildFile; productRef = 355D64882B8E2EF10055DB35 /* FirebaseCrashlytics */; };
		3563A7502AF085270037C029 /* AppDelegate.swift in Sources */ = {isa = PBXBuildFile; fileRef = 3563A74F2AF085270037C029 /* AppDelegate.swift */; };
		3563A7522AF085270037C029 /* SceneDelegate.swift in Sources */ = {isa = PBXBuildFile; fileRef = 3563A7512AF085270037C029 /* SceneDelegate.swift */; };
		3563A75A2AF085270037C029 /* RaiseMeUp.xcdatamodeld in Sources */ = {isa = PBXBuildFile; fileRef = 3563A7582AF085270037C029 /* RaiseMeUp.xcdatamodeld */; };
		3563A75C2AF085270037C029 /* Assets.xcassets in Resources */ = {isa = PBXBuildFile; fileRef = 3563A75B2AF085270037C029 /* Assets.xcassets */; };
		3563A75F2AF085270037C029 /* LaunchScreen.storyboard in Resources */ = {isa = PBXBuildFile; fileRef = 3563A75D2AF085270037C029 /* LaunchScreen.storyboard */; };
		3563A7742AF085270037C029 /* RaiseMeUpUITests.swift in Sources */ = {isa = PBXBuildFile; fileRef = 3563A7732AF085270037C029 /* RaiseMeUpUITests.swift */; };
		3563A7762AF085270037C029 /* RaiseMeUpUITestsLaunchTests.swift in Sources */ = {isa = PBXBuildFile; fileRef = 3563A7752AF085270037C029 /* RaiseMeUpUITestsLaunchTests.swift */; };
		359B111A2B5F39C30013DE71 /* TrainingUseCaseTests.swift in Sources */ = {isa = PBXBuildFile; fileRef = 359B11192B5F39C30013DE71 /* TrainingUseCaseTests.swift */; };
		359B11282B5F7AFB0013DE71 /* RaiseMeUp.xcdatamodeld in Sources */ = {isa = PBXBuildFile; fileRef = 3563A7582AF085270037C029 /* RaiseMeUp.xcdatamodeld */; };
		359B11342B5F7AFB0013DE71 /* AppDelegate.swift in Sources */ = {isa = PBXBuildFile; fileRef = 3563A74F2AF085270037C029 /* AppDelegate.swift */; };
		359B11372B5F7AFB0013DE71 /* SceneDelegate.swift in Sources */ = {isa = PBXBuildFile; fileRef = 3563A7512AF085270037C029 /* SceneDelegate.swift */; };
		359B11592B5F7AFB0013DE71 /* FirebaseCrashlytics in Frameworks */ = {isa = PBXBuildFile; productRef = 359B111F2B5F7AFB0013DE71 /* FirebaseCrashlytics */; };
		359B115A2B5F7AFB0013DE71 /* FirebaseFirestore in Frameworks */ = {isa = PBXBuildFile; productRef = 359B11202B5F7AFB0013DE71 /* FirebaseFirestore */; };
		359B115B2B5F7AFB0013DE71 /* FirebaseAppCheck in Frameworks */ = {isa = PBXBuildFile; productRef = 359B111E2B5F7AFB0013DE71 /* FirebaseAppCheck */; };
		359B115C2B5F7AFB0013DE71 /* FirebaseAnalytics in Frameworks */ = {isa = PBXBuildFile; productRef = 359B111C2B5F7AFB0013DE71 /* FirebaseAnalytics */; };
		359B115D2B5F7AFB0013DE71 /* FirebaseRemoteConfig in Frameworks */ = {isa = PBXBuildFile; productRef = 359B11212B5F7AFB0013DE71 /* FirebaseRemoteConfig */; };
		359B115F2B5F7AFB0013DE71 /* LaunchScreen.storyboard in Resources */ = {isa = PBXBuildFile; fileRef = 3563A75D2AF085270037C029 /* LaunchScreen.storyboard */; };
		359B11602B5F7AFB0013DE71 /* Localizable.xcstrings in Resources */ = {isa = PBXBuildFile; fileRef = 351871AC2B20348500E79C4F /* Localizable.xcstrings */; };
		359B11612B5F7AFB0013DE71 /* GoogleService-Info.plist in Resources */ = {isa = PBXBuildFile; fileRef = 35F90B702AF63171003C96D7 /* GoogleService-Info.plist */; };
		359B11622B5F7AFB0013DE71 /* Assets.xcassets in Resources */ = {isa = PBXBuildFile; fileRef = 3563A75B2AF085270037C029 /* Assets.xcassets */; };
		359B11762B5F7B110013DE71 /* RaiseMeUp.xcdatamodeld in Sources */ = {isa = PBXBuildFile; fileRef = 3563A7582AF085270037C029 /* RaiseMeUp.xcdatamodeld */; };
		359B11822B5F7B110013DE71 /* AppDelegate.swift in Sources */ = {isa = PBXBuildFile; fileRef = 3563A74F2AF085270037C029 /* AppDelegate.swift */; };
		359B11852B5F7B110013DE71 /* SceneDelegate.swift in Sources */ = {isa = PBXBuildFile; fileRef = 3563A7512AF085270037C029 /* SceneDelegate.swift */; };
		359B11A72B5F7B110013DE71 /* FirebaseCrashlytics in Frameworks */ = {isa = PBXBuildFile; productRef = 359B116D2B5F7B110013DE71 /* FirebaseCrashlytics */; };
		359B11A82B5F7B110013DE71 /* FirebaseFirestore in Frameworks */ = {isa = PBXBuildFile; productRef = 359B116E2B5F7B110013DE71 /* FirebaseFirestore */; };
		359B11A92B5F7B110013DE71 /* FirebaseAppCheck in Frameworks */ = {isa = PBXBuildFile; productRef = 359B116C2B5F7B110013DE71 /* FirebaseAppCheck */; };
		359B11AA2B5F7B110013DE71 /* FirebaseAnalytics in Frameworks */ = {isa = PBXBuildFile; productRef = 359B116A2B5F7B110013DE71 /* FirebaseAnalytics */; };
		359B11AB2B5F7B110013DE71 /* FirebaseRemoteConfig in Frameworks */ = {isa = PBXBuildFile; productRef = 359B116F2B5F7B110013DE71 /* FirebaseRemoteConfig */; };
		359B11AD2B5F7B110013DE71 /* LaunchScreen.storyboard in Resources */ = {isa = PBXBuildFile; fileRef = 3563A75D2AF085270037C029 /* LaunchScreen.storyboard */; };
		359B11AE2B5F7B110013DE71 /* Localizable.xcstrings in Resources */ = {isa = PBXBuildFile; fileRef = 351871AC2B20348500E79C4F /* Localizable.xcstrings */; };
		359B11AF2B5F7B110013DE71 /* GoogleService-Info.plist in Resources */ = {isa = PBXBuildFile; fileRef = 35F90B702AF63171003C96D7 /* GoogleService-Info.plist */; };
		359B11B02B5F7B110013DE71 /* Assets.xcassets in Resources */ = {isa = PBXBuildFile; fileRef = 3563A75B2AF085270037C029 /* Assets.xcassets */; };
		359E19BD2B44E41A0020561F /* MainViewModelTests.swift in Sources */ = {isa = PBXBuildFile; fileRef = 359E19BC2B44E41A0020561F /* MainViewModelTests.swift */; };
		35EE326C2BAAF04E00CDBA0C /* Coordinator in Frameworks */ = {isa = PBXBuildFile; productRef = 35EE326B2BAAF04E00CDBA0C /* Coordinator */; };
		35EE326E2BAAF46B00CDBA0C /* Data in Frameworks */ = {isa = PBXBuildFile; productRef = 35EE326D2BAAF46B00CDBA0C /* Data */; };
		35EE32702BAAF46B00CDBA0C /* Domain in Frameworks */ = {isa = PBXBuildFile; productRef = 35EE326F2BAAF46B00CDBA0C /* Domain */; };
		35EE32722BAAF46B00CDBA0C /* ExerciseCounter in Frameworks */ = {isa = PBXBuildFile; productRef = 35EE32712BAAF46B00CDBA0C /* ExerciseCounter */; };
		35EE32742BAAF46B00CDBA0C /* Main in Frameworks */ = {isa = PBXBuildFile; productRef = 35EE32732BAAF46B00CDBA0C /* Main */; };
		35EE32762BAAF46B00CDBA0C /* Root in Frameworks */ = {isa = PBXBuildFile; productRef = 35EE32752BAAF46B00CDBA0C /* Root */; };
		35EE32782BAAF46B00CDBA0C /* RMNetwork in Frameworks */ = {isa = PBXBuildFile; productRef = 35EE32772BAAF46B00CDBA0C /* RMNetwork */; };
		35EE327A2BAAF46B00CDBA0C /* Shared in Frameworks */ = {isa = PBXBuildFile; productRef = 35EE32792BAAF46B00CDBA0C /* Shared */; };
		35F90B712AF63171003C96D7 /* GoogleService-Info.plist in Resources */ = {isa = PBXBuildFile; fileRef = 35F90B702AF63171003C96D7 /* GoogleService-Info.plist */; };
/* End PBXBuildFile section */

/* Begin PBXContainerItemProxy section */
		3563A7662AF085270037C029 /* PBXContainerItemProxy */ = {
			isa = PBXContainerItemProxy;
			containerPortal = 3563A7442AF085270037C029 /* Project object */;
			proxyType = 1;
			remoteGlobalIDString = 3563A74B2AF085270037C029;
			remoteInfo = RaiseMeUp;
		};
		3563A7702AF085270037C029 /* PBXContainerItemProxy */ = {
			isa = PBXContainerItemProxy;
			containerPortal = 3563A7442AF085270037C029 /* Project object */;
			proxyType = 1;
			remoteGlobalIDString = 3563A74B2AF085270037C029;
			remoteInfo = RaiseMeUp;
		};
		35BCFFEA2B82D42B0078D1CF /* PBXContainerItemProxy */ = {
			isa = PBXContainerItemProxy;
			containerPortal = 3563A7442AF085270037C029 /* Project object */;
			proxyType = 1;
			remoteGlobalIDString = 359B111B2B5F7AFB0013DE71;
			remoteInfo = "RaiseMeUp-DEV";
		};
/* End PBXContainerItemProxy section */

/* Begin PBXFileReference section */
		351871AC2B20348500E79C4F /* Localizable.xcstrings */ = {isa = PBXFileReference; lastKnownFileType = text.json.xcstrings; path = Localizable.xcstrings; sourceTree = "<group>"; };
		351871AE2B2034EB00E79C4F /* ko-KR */ = {isa = PBXFileReference; lastKnownFileType = text.plist.strings; name = "ko-KR"; path = "ko-KR.lproj/LaunchScreen.strings"; sourceTree = "<group>"; };
		3563A74C2AF085270037C029 /* RaiseMeUp-PROD.app */ = {isa = PBXFileReference; explicitFileType = wrapper.application; includeInIndex = 0; path = "RaiseMeUp-PROD.app"; sourceTree = BUILT_PRODUCTS_DIR; };
		3563A74F2AF085270037C029 /* AppDelegate.swift */ = {isa = PBXFileReference; lastKnownFileType = sourcecode.swift; path = AppDelegate.swift; sourceTree = "<group>"; };
		3563A7512AF085270037C029 /* SceneDelegate.swift */ = {isa = PBXFileReference; lastKnownFileType = sourcecode.swift; path = SceneDelegate.swift; sourceTree = "<group>"; };
		3563A7592AF085270037C029 /* RaiseMeUp.xcdatamodel */ = {isa = PBXFileReference; lastKnownFileType = wrapper.xcdatamodel; path = RaiseMeUp.xcdatamodel; sourceTree = "<group>"; };
		3563A75B2AF085270037C029 /* Assets.xcassets */ = {isa = PBXFileReference; lastKnownFileType = folder.assetcatalog; path = Assets.xcassets; sourceTree = "<group>"; };
		3563A75E2AF085270037C029 /* Base */ = {isa = PBXFileReference; lastKnownFileType = file.storyboard; name = Base; path = Base.lproj/LaunchScreen.storyboard; sourceTree = "<group>"; };
		3563A7602AF085270037C029 /* Info.plist */ = {isa = PBXFileReference; lastKnownFileType = text.plist.xml; path = Info.plist; sourceTree = "<group>"; };
		3563A7652AF085270037C029 /* RaiseMeUpTests.xctest */ = {isa = PBXFileReference; explicitFileType = wrapper.cfbundle; includeInIndex = 0; path = RaiseMeUpTests.xctest; sourceTree = BUILT_PRODUCTS_DIR; };
		3563A76F2AF085270037C029 /* RaiseMeUpUITests.xctest */ = {isa = PBXFileReference; explicitFileType = wrapper.cfbundle; includeInIndex = 0; path = RaiseMeUpUITests.xctest; sourceTree = BUILT_PRODUCTS_DIR; };
		3563A7732AF085270037C029 /* RaiseMeUpUITests.swift */ = {isa = PBXFileReference; lastKnownFileType = sourcecode.swift; path = RaiseMeUpUITests.swift; sourceTree = "<group>"; };
		3563A7752AF085270037C029 /* RaiseMeUpUITestsLaunchTests.swift */ = {isa = PBXFileReference; lastKnownFileType = sourcecode.swift; path = RaiseMeUpUITestsLaunchTests.swift; sourceTree = "<group>"; };
		356D7E892BA9B0D500A98677 /* RMNetwork */ = {isa = PBXFileReference; lastKnownFileType = wrapper; path = RMNetwork; sourceTree = "<group>"; };
		356D7E8A2BA9B0F500A98677 /* Shared */ = {isa = PBXFileReference; lastKnownFileType = wrapper; path = Shared; sourceTree = "<group>"; };
		356D7E8C2BA9B15000A98677 /* Data */ = {isa = PBXFileReference; lastKnownFileType = wrapper; path = Data; sourceTree = "<group>"; };
		356D7E8D2BA9B15F00A98677 /* Domain */ = {isa = PBXFileReference; lastKnownFileType = wrapper; path = Domain; sourceTree = "<group>"; };
		356D7E8E2BA9B1C700A98677 /* Features */ = {isa = PBXFileReference; lastKnownFileType = wrapper; path = Features; sourceTree = "<group>"; };
		359B11192B5F39C30013DE71 /* TrainingUseCaseTests.swift */ = {isa = PBXFileReference; lastKnownFileType = sourcecode.swift; path = TrainingUseCaseTests.swift; sourceTree = "<group>"; };
		359B11672B5F7AFB0013DE71 /* RaiseMeUp-DEV.app */ = {isa = PBXFileReference; explicitFileType = wrapper.application; includeInIndex = 0; path = "RaiseMeUp-DEV.app"; sourceTree = BUILT_PRODUCTS_DIR; };
		359B11682B5F7AFC0013DE71 /* RaiseMeUp-DEV-Info.plist */ = {isa = PBXFileReference; lastKnownFileType = text.plist.xml; name = "RaiseMeUp-DEV-Info.plist"; path = "/Users/shhong/Desktop/RaiseMeUp/RaiseMeUp/RaiseMeUp-DEV-Info.plist"; sourceTree = "<absolute>"; };
		359B11B52B5F7B110013DE71 /* RaiseMeUp-QA.app */ = {isa = PBXFileReference; explicitFileType = wrapper.application; includeInIndex = 0; path = "RaiseMeUp-QA.app"; sourceTree = BUILT_PRODUCTS_DIR; };
		359B11B62B5F7B110013DE71 /* RaiseMeUp-QA-Info.plist */ = {isa = PBXFileReference; lastKnownFileType = text.plist.xml; name = "RaiseMeUp-QA-Info.plist"; path = "/Users/shhong/Desktop/RaiseMeUp/RaiseMeUp/RaiseMeUp-QA-Info.plist"; sourceTree = "<absolute>"; };
		359E19BC2B44E41A0020561F /* MainViewModelTests.swift */ = {isa = PBXFileReference; lastKnownFileType = sourcecode.swift; path = MainViewModelTests.swift; sourceTree = "<group>"; };
		35B0BCD92B0CEE8000F6F99B /* RaiseMeUp.entitlements */ = {isa = PBXFileReference; lastKnownFileType = text.plist.entitlements; path = RaiseMeUp.entitlements; sourceTree = "<group>"; };
		35F90B702AF63171003C96D7 /* GoogleService-Info.plist */ = {isa = PBXFileReference; fileEncoding = 4; lastKnownFileType = text.plist.xml; path = "GoogleService-Info.plist"; sourceTree = "<group>"; };
/* End PBXFileReference section */

/* Begin PBXFrameworksBuildPhase section */
		3563A7492AF085270037C029 /* Frameworks */ = {
			isa = PBXFrameworksBuildPhase;
			buildActionMask = 2147483647;
			files = (
				35EE32702BAAF46B00CDBA0C /* Domain in Frameworks */,
				35EE32742BAAF46B00CDBA0C /* Main in Frameworks */,
				35EE32762BAAF46B00CDBA0C /* Root in Frameworks */,
				355D64892B8E2EF10055DB35 /* FirebaseCrashlytics in Frameworks */,
				35EE32782BAAF46B00CDBA0C /* RMNetwork in Frameworks */,
				355D64852B8E2EF10055DB35 /* FirebaseAnalytics in Frameworks */,
				35EE326E2BAAF46B00CDBA0C /* Data in Frameworks */,
				355D64872B8E2EF10055DB35 /* FirebaseAuth in Frameworks */,
				35EE326C2BAAF04E00CDBA0C /* Coordinator in Frameworks */,
				35EE327A2BAAF46B00CDBA0C /* Shared in Frameworks */,
				35EE32722BAAF46B00CDBA0C /* ExerciseCounter in Frameworks */,
			);
			runOnlyForDeploymentPostprocessing = 0;
		};
		3563A7622AF085270037C029 /* Frameworks */ = {
			isa = PBXFrameworksBuildPhase;
			buildActionMask = 2147483647;
			files = (
			);
			runOnlyForDeploymentPostprocessing = 0;
		};
		3563A76C2AF085270037C029 /* Frameworks */ = {
			isa = PBXFrameworksBuildPhase;
			buildActionMask = 2147483647;
			files = (
			);
			runOnlyForDeploymentPostprocessing = 0;
		};
		359B11582B5F7AFB0013DE71 /* Frameworks */ = {
			isa = PBXFrameworksBuildPhase;
			buildActionMask = 2147483647;
			files = (
				359B11592B5F7AFB0013DE71 /* FirebaseCrashlytics in Frameworks */,
				359B115A2B5F7AFB0013DE71 /* FirebaseFirestore in Frameworks */,
				359B115B2B5F7AFB0013DE71 /* FirebaseAppCheck in Frameworks */,
				359B115C2B5F7AFB0013DE71 /* FirebaseAnalytics in Frameworks */,
				359B115D2B5F7AFB0013DE71 /* FirebaseRemoteConfig in Frameworks */,
			);
			runOnlyForDeploymentPostprocessing = 0;
		};
		359B11A62B5F7B110013DE71 /* Frameworks */ = {
			isa = PBXFrameworksBuildPhase;
			buildActionMask = 2147483647;
			files = (
				359B11A72B5F7B110013DE71 /* FirebaseCrashlytics in Frameworks */,
				359B11A82B5F7B110013DE71 /* FirebaseFirestore in Frameworks */,
				359B11A92B5F7B110013DE71 /* FirebaseAppCheck in Frameworks */,
				359B11AA2B5F7B110013DE71 /* FirebaseAnalytics in Frameworks */,
				359B11AB2B5F7B110013DE71 /* FirebaseRemoteConfig in Frameworks */,
			);
			runOnlyForDeploymentPostprocessing = 0;
		};
/* End PBXFrameworksBuildPhase section */

/* Begin PBXGroup section */
		3563A7432AF085270037C029 = {
			isa = PBXGroup;
			children = (
				356D7E8E2BA9B1C700A98677 /* Features */,
				356D7E8D2BA9B15F00A98677 /* Domain */,
				356D7E8C2BA9B15000A98677 /* Data */,
				356D7E8A2BA9B0F500A98677 /* Shared */,
				356D7E892BA9B0D500A98677 /* RMNetwork */,
				3563A74E2AF085270037C029 /* RaiseMeUp */,
				3563A7682AF085270037C029 /* RaiseMeUpTests */,
				3563A7722AF085270037C029 /* RaiseMeUpUITests */,
				3563A74D2AF085270037C029 /* Products */,
				359B11682B5F7AFC0013DE71 /* RaiseMeUp-DEV-Info.plist */,
				359B11B62B5F7B110013DE71 /* RaiseMeUp-QA-Info.plist */,
				356D7E8F2BA9B32700A98677 /* Frameworks */,
			);
			sourceTree = "<group>";
		};
		3563A74D2AF085270037C029 /* Products */ = {
			isa = PBXGroup;
			children = (
				3563A74C2AF085270037C029 /* RaiseMeUp-PROD.app */,
				3563A7652AF085270037C029 /* RaiseMeUpTests.xctest */,
				3563A76F2AF085270037C029 /* RaiseMeUpUITests.xctest */,
				359B11672B5F7AFB0013DE71 /* RaiseMeUp-DEV.app */,
				359B11B52B5F7B110013DE71 /* RaiseMeUp-QA.app */,
			);
			name = Products;
			sourceTree = "<group>";
		};
		3563A74E2AF085270037C029 /* RaiseMeUp */ = {
			isa = PBXGroup;
			children = (
				35B0BCD92B0CEE8000F6F99B /* RaiseMeUp.entitlements */,
				35F90B6C2AF624D6003C96D7 /* Resources */,
				35F90B6E2AF62579003C96D7 /* Sources */,
			);
			path = RaiseMeUp;
			sourceTree = "<group>";
		};
		3563A7682AF085270037C029 /* RaiseMeUpTests */ = {
			isa = PBXGroup;
			children = (
				359E19BC2B44E41A0020561F /* MainViewModelTests.swift */,
				359B11192B5F39C30013DE71 /* TrainingUseCaseTests.swift */,
			);
			path = RaiseMeUpTests;
			sourceTree = "<group>";
		};
		3563A7722AF085270037C029 /* RaiseMeUpUITests */ = {
			isa = PBXGroup;
			children = (
				3563A7732AF085270037C029 /* RaiseMeUpUITests.swift */,
				3563A7752AF085270037C029 /* RaiseMeUpUITestsLaunchTests.swift */,
			);
			path = RaiseMeUpUITests;
			sourceTree = "<group>";
		};
		356D7E8F2BA9B32700A98677 /* Frameworks */ = {
			isa = PBXGroup;
			children = (
			);
			name = Frameworks;
			sourceTree = "<group>";
		};
		35F90B6C2AF624D6003C96D7 /* Resources */ = {
			isa = PBXGroup;
			children = (
				3563A7582AF085270037C029 /* RaiseMeUp.xcdatamodeld */,
				3563A75B2AF085270037C029 /* Assets.xcassets */,
				3563A75D2AF085270037C029 /* LaunchScreen.storyboard */,
				35F90B702AF63171003C96D7 /* GoogleService-Info.plist */,
				3563A7602AF085270037C029 /* Info.plist */,
				351871AC2B20348500E79C4F /* Localizable.xcstrings */,
			);
			path = Resources;
			sourceTree = "<group>";
		};
		35F90B6D2AF62566003C96D7 /* Application */ = {
			isa = PBXGroup;
			children = (
				3563A74F2AF085270037C029 /* AppDelegate.swift */,
				3563A7512AF085270037C029 /* SceneDelegate.swift */,
			);
			path = Application;
			sourceTree = "<group>";
		};
		35F90B6E2AF62579003C96D7 /* Sources */ = {
			isa = PBXGroup;
			children = (
				35F90B6D2AF62566003C96D7 /* Application */,
			);
			path = Sources;
			sourceTree = "<group>";
		};
/* End PBXGroup section */

/* Begin PBXNativeTarget section */
		3563A74B2AF085270037C029 /* RaiseMeUp-PROD */ = {
			isa = PBXNativeTarget;
			buildConfigurationList = 3563A7792AF085270037C029 /* Build configuration list for PBXNativeTarget "RaiseMeUp-PROD" */;
			buildPhases = (
				3563A7482AF085270037C029 /* Sources */,
				3563A7492AF085270037C029 /* Frameworks */,
				3563A74A2AF085270037C029 /* Resources */,
				35F90B842AF6335C003C96D7 /* Firebase Crashlytics */,
			);
			buildRules = (
			);
			dependencies = (
			);
			name = "RaiseMeUp-PROD";
			packageProductDependencies = (
				355D64842B8E2EF10055DB35 /* FirebaseAnalytics */,
				355D64862B8E2EF10055DB35 /* FirebaseAuth */,
				355D64882B8E2EF10055DB35 /* FirebaseCrashlytics */,
				35EE326B2BAAF04E00CDBA0C /* Coordinator */,
				35EE326D2BAAF46B00CDBA0C /* Data */,
				35EE326F2BAAF46B00CDBA0C /* Domain */,
				35EE32712BAAF46B00CDBA0C /* ExerciseCounter */,
				35EE32732BAAF46B00CDBA0C /* Main */,
				35EE32752BAAF46B00CDBA0C /* Root */,
				35EE32772BAAF46B00CDBA0C /* RMNetwork */,
				35EE32792BAAF46B00CDBA0C /* Shared */,
			);
			productName = RaiseMeUp;
			productReference = 3563A74C2AF085270037C029 /* RaiseMeUp-PROD.app */;
			productType = "com.apple.product-type.application";
		};
		3563A7642AF085270037C029 /* RaiseMeUpTests */ = {
			isa = PBXNativeTarget;
			buildConfigurationList = 3563A77C2AF085270037C029 /* Build configuration list for PBXNativeTarget "RaiseMeUpTests" */;
			buildPhases = (
				3563A7612AF085270037C029 /* Sources */,
				3563A7622AF085270037C029 /* Frameworks */,
				3563A7632AF085270037C029 /* Resources */,
			);
			buildRules = (
			);
			dependencies = (
				3563A7672AF085270037C029 /* PBXTargetDependency */,
				35BCFFEB2B82D42B0078D1CF /* PBXTargetDependency */,
			);
			name = RaiseMeUpTests;
			productName = RaiseMeUpTests;
			productReference = 3563A7652AF085270037C029 /* RaiseMeUpTests.xctest */;
			productType = "com.apple.product-type.bundle.unit-test";
		};
		3563A76E2AF085270037C029 /* RaiseMeUpUITests */ = {
			isa = PBXNativeTarget;
			buildConfigurationList = 3563A77F2AF085270037C029 /* Build configuration list for PBXNativeTarget "RaiseMeUpUITests" */;
			buildPhases = (
				3563A76B2AF085270037C029 /* Sources */,
				3563A76C2AF085270037C029 /* Frameworks */,
				3563A76D2AF085270037C029 /* Resources */,
			);
			buildRules = (
			);
			dependencies = (
				3563A7712AF085270037C029 /* PBXTargetDependency */,
			);
			name = RaiseMeUpUITests;
			productName = RaiseMeUpUITests;
			productReference = 3563A76F2AF085270037C029 /* RaiseMeUpUITests.xctest */;
			productType = "com.apple.product-type.bundle.ui-testing";
		};
		359B111B2B5F7AFB0013DE71 /* RaiseMeUp-DEV */ = {
			isa = PBXNativeTarget;
			buildConfigurationList = 359B11642B5F7AFB0013DE71 /* Build configuration list for PBXNativeTarget "RaiseMeUp-DEV" */;
			buildPhases = (
				359B11222B5F7AFB0013DE71 /* Sources */,
				359B11582B5F7AFB0013DE71 /* Frameworks */,
				359B115E2B5F7AFB0013DE71 /* Resources */,
				359B11632B5F7AFB0013DE71 /* Firebase Crashlytics */,
			);
			buildRules = (
			);
			dependencies = (
			);
			name = "RaiseMeUp-DEV";
			packageProductDependencies = (
				359B111C2B5F7AFB0013DE71 /* FirebaseAnalytics */,
				359B111E2B5F7AFB0013DE71 /* FirebaseAppCheck */,
				359B111F2B5F7AFB0013DE71 /* FirebaseCrashlytics */,
				359B11202B5F7AFB0013DE71 /* FirebaseFirestore */,
				359B11212B5F7AFB0013DE71 /* FirebaseRemoteConfig */,
			);
			productName = RaiseMeUp;
			productReference = 359B11672B5F7AFB0013DE71 /* RaiseMeUp-DEV.app */;
			productType = "com.apple.product-type.application";
		};
		359B11692B5F7B110013DE71 /* RaiseMeUp-QA */ = {
			isa = PBXNativeTarget;
			buildConfigurationList = 359B11B22B5F7B110013DE71 /* Build configuration list for PBXNativeTarget "RaiseMeUp-QA" */;
			buildPhases = (
				359B11702B5F7B110013DE71 /* Sources */,
				359B11A62B5F7B110013DE71 /* Frameworks */,
				359B11AC2B5F7B110013DE71 /* Resources */,
				359B11B12B5F7B110013DE71 /* Firebase Crashlytics */,
			);
			buildRules = (
			);
			dependencies = (
			);
			name = "RaiseMeUp-QA";
			packageProductDependencies = (
				359B116A2B5F7B110013DE71 /* FirebaseAnalytics */,
				359B116C2B5F7B110013DE71 /* FirebaseAppCheck */,
				359B116D2B5F7B110013DE71 /* FirebaseCrashlytics */,
				359B116E2B5F7B110013DE71 /* FirebaseFirestore */,
				359B116F2B5F7B110013DE71 /* FirebaseRemoteConfig */,
			);
			productName = RaiseMeUp;
			productReference = 359B11B52B5F7B110013DE71 /* RaiseMeUp-QA.app */;
			productType = "com.apple.product-type.application";
		};
/* End PBXNativeTarget section */

/* Begin PBXProject section */
		3563A7442AF085270037C029 /* Project object */ = {
			isa = PBXProject;
			attributes = {
				BuildIndependentTargetsInParallel = 1;
				LastSwiftUpdateCheck = 1430;
				LastUpgradeCheck = 1430;
				TargetAttributes = {
					3563A74B2AF085270037C029 = {
						CreatedOnToolsVersion = 14.3.1;
					};
					3563A7642AF085270037C029 = {
						CreatedOnToolsVersion = 14.3.1;
						TestTargetID = 359B111B2B5F7AFB0013DE71;
					};
					3563A76E2AF085270037C029 = {
						CreatedOnToolsVersion = 14.3.1;
						TestTargetID = 3563A74B2AF085270037C029;
					};
				};
			};
			buildConfigurationList = 3563A7472AF085270037C029 /* Build configuration list for PBXProject "RaiseMeUp" */;
			compatibilityVersion = "Xcode 14.0";
			developmentRegion = en;
			hasScannedForEncodings = 0;
			knownRegions = (
				en,
				Base,
				"ko-KR",
			);
			mainGroup = 3563A7432AF085270037C029;
			packageReferences = (
				355D64832B8E2EF10055DB35 /* XCRemoteSwiftPackageReference "firebase-ios-sdk" */,
			);
			productRefGroup = 3563A74D2AF085270037C029 /* Products */;
			projectDirPath = "";
			projectRoot = "";
			targets = (
				3563A74B2AF085270037C029 /* RaiseMeUp-PROD */,
				359B111B2B5F7AFB0013DE71 /* RaiseMeUp-DEV */,
				359B11692B5F7B110013DE71 /* RaiseMeUp-QA */,
				3563A7642AF085270037C029 /* RaiseMeUpTests */,
				3563A76E2AF085270037C029 /* RaiseMeUpUITests */,
			);
		};
/* End PBXProject section */

/* Begin PBXResourcesBuildPhase section */
		3563A74A2AF085270037C029 /* Resources */ = {
			isa = PBXResourcesBuildPhase;
			buildActionMask = 2147483647;
			files = (
				3563A75F2AF085270037C029 /* LaunchScreen.storyboard in Resources */,
				351871AD2B20348500E79C4F /* Localizable.xcstrings in Resources */,
				35F90B712AF63171003C96D7 /* GoogleService-Info.plist in Resources */,
				3563A75C2AF085270037C029 /* Assets.xcassets in Resources */,
			);
			runOnlyForDeploymentPostprocessing = 0;
		};
		3563A7632AF085270037C029 /* Resources */ = {
			isa = PBXResourcesBuildPhase;
			buildActionMask = 2147483647;
			files = (
			);
			runOnlyForDeploymentPostprocessing = 0;
		};
		3563A76D2AF085270037C029 /* Resources */ = {
			isa = PBXResourcesBuildPhase;
			buildActionMask = 2147483647;
			files = (
			);
			runOnlyForDeploymentPostprocessing = 0;
		};
		359B115E2B5F7AFB0013DE71 /* Resources */ = {
			isa = PBXResourcesBuildPhase;
			buildActionMask = 2147483647;
			files = (
				359B115F2B5F7AFB0013DE71 /* LaunchScreen.storyboard in Resources */,
				359B11602B5F7AFB0013DE71 /* Localizable.xcstrings in Resources */,
				359B11612B5F7AFB0013DE71 /* GoogleService-Info.plist in Resources */,
				359B11622B5F7AFB0013DE71 /* Assets.xcassets in Resources */,
			);
			runOnlyForDeploymentPostprocessing = 0;
		};
		359B11AC2B5F7B110013DE71 /* Resources */ = {
			isa = PBXResourcesBuildPhase;
			buildActionMask = 2147483647;
			files = (
				359B11AD2B5F7B110013DE71 /* LaunchScreen.storyboard in Resources */,
				359B11AE2B5F7B110013DE71 /* Localizable.xcstrings in Resources */,
				359B11AF2B5F7B110013DE71 /* GoogleService-Info.plist in Resources */,
				359B11B02B5F7B110013DE71 /* Assets.xcassets in Resources */,
			);
			runOnlyForDeploymentPostprocessing = 0;
		};
/* End PBXResourcesBuildPhase section */

/* Begin PBXShellScriptBuildPhase section */
		359B11632B5F7AFB0013DE71 /* Firebase Crashlytics */ = {
			isa = PBXShellScriptBuildPhase;
			alwaysOutOfDate = 1;
			buildActionMask = 2147483647;
			files = (
			);
			inputFileListPaths = (
			);
			inputPaths = (
				"$(SRCROOT)/${DWARF_DSYM_FOLDER_PATH}/${DWARF_DSYM_FILE_NAME}",
				"$(SRCROOT)/${DWARF_DSYM_FOLDER_PATH}/${DWARF_DSYM_FILE_NAME}/Contents/Resources/DWARF/${PRODUCT_NAME}",
				"$(SRCROOT)/${DWARF_DSYM_FOLDER_PATH}/${DWARF_DSYM_FILE_NAME}/Contents/Info.plist",
				"$(SRCROOT)/$(TARGET_BUILD_DIR)/$(UNLOCALIZED_RESOURCES_FOLDER_PATH)/GoogleService-Info.plist",
				"$(SRCROOT)/$(TARGET_BUILD_DIR)/$(EXECUTABLE_PATH)",
			);
			name = "Firebase Crashlytics";
			outputFileListPaths = (
			);
			outputPaths = (
			);
			runOnlyForDeploymentPostprocessing = 0;
			shellPath = /bin/sh;
			shellScript = "\"${BUILD_DIR%/Build/*}/SourcePackages/checkouts/firebase-ios-sdk/Crashlytics/run\"\n";
		};
		359B11B12B5F7B110013DE71 /* Firebase Crashlytics */ = {
			isa = PBXShellScriptBuildPhase;
			alwaysOutOfDate = 1;
			buildActionMask = 2147483647;
			files = (
			);
			inputFileListPaths = (
			);
			inputPaths = (
				"$(SRCROOT)/${DWARF_DSYM_FOLDER_PATH}/${DWARF_DSYM_FILE_NAME}",
				"$(SRCROOT)/${DWARF_DSYM_FOLDER_PATH}/${DWARF_DSYM_FILE_NAME}/Contents/Resources/DWARF/${PRODUCT_NAME}",
				"$(SRCROOT)/${DWARF_DSYM_FOLDER_PATH}/${DWARF_DSYM_FILE_NAME}/Contents/Info.plist",
				"$(SRCROOT)/$(TARGET_BUILD_DIR)/$(UNLOCALIZED_RESOURCES_FOLDER_PATH)/GoogleService-Info.plist",
				"$(SRCROOT)/$(TARGET_BUILD_DIR)/$(EXECUTABLE_PATH)",
			);
			name = "Firebase Crashlytics";
			outputFileListPaths = (
			);
			outputPaths = (
			);
			runOnlyForDeploymentPostprocessing = 0;
			shellPath = /bin/sh;
			shellScript = "\"${BUILD_DIR%/Build/*}/SourcePackages/checkouts/firebase-ios-sdk/Crashlytics/run\"\n";
		};
		35F90B842AF6335C003C96D7 /* Firebase Crashlytics */ = {
			isa = PBXShellScriptBuildPhase;
			alwaysOutOfDate = 1;
			buildActionMask = 2147483647;
			files = (
			);
			inputFileListPaths = (
			);
			inputPaths = (
				"$(SRCROOT)/${DWARF_DSYM_FOLDER_PATH}/${DWARF_DSYM_FILE_NAME}",
				"$(SRCROOT)/${DWARF_DSYM_FOLDER_PATH}/${DWARF_DSYM_FILE_NAME}/Contents/Resources/DWARF/${PRODUCT_NAME}",
				"$(SRCROOT)/${DWARF_DSYM_FOLDER_PATH}/${DWARF_DSYM_FILE_NAME}/Contents/Info.plist",
				"$(SRCROOT)/$(TARGET_BUILD_DIR)/$(UNLOCALIZED_RESOURCES_FOLDER_PATH)/GoogleService-Info.plist",
				"$(SRCROOT)/$(TARGET_BUILD_DIR)/$(EXECUTABLE_PATH)",
			);
			name = "Firebase Crashlytics";
			outputFileListPaths = (
			);
			outputPaths = (
			);
			runOnlyForDeploymentPostprocessing = 0;
			shellPath = /bin/sh;
			shellScript = "\"${BUILD_DIR%/Build/*}/SourcePackages/checkouts/firebase-ios-sdk/Crashlytics/run\"\n";
		};
/* End PBXShellScriptBuildPhase section */

/* Begin PBXSourcesBuildPhase section */
		3563A7482AF085270037C029 /* Sources */ = {
			isa = PBXSourcesBuildPhase;
			buildActionMask = 2147483647;
			files = (
				3563A75A2AF085270037C029 /* RaiseMeUp.xcdatamodeld in Sources */,
				3563A7502AF085270037C029 /* AppDelegate.swift in Sources */,
				3563A7522AF085270037C029 /* SceneDelegate.swift in Sources */,
			);
			runOnlyForDeploymentPostprocessing = 0;
		};
		3563A7612AF085270037C029 /* Sources */ = {
			isa = PBXSourcesBuildPhase;
			buildActionMask = 2147483647;
			files = (
				359E19BD2B44E41A0020561F /* MainViewModelTests.swift in Sources */,
				359B111A2B5F39C30013DE71 /* TrainingUseCaseTests.swift in Sources */,
			);
			runOnlyForDeploymentPostprocessing = 0;
		};
		3563A76B2AF085270037C029 /* Sources */ = {
			isa = PBXSourcesBuildPhase;
			buildActionMask = 2147483647;
			files = (
				3563A7762AF085270037C029 /* RaiseMeUpUITestsLaunchTests.swift in Sources */,
				3563A7742AF085270037C029 /* RaiseMeUpUITests.swift in Sources */,
			);
			runOnlyForDeploymentPostprocessing = 0;
		};
		359B11222B5F7AFB0013DE71 /* Sources */ = {
			isa = PBXSourcesBuildPhase;
			buildActionMask = 2147483647;
			files = (
				359B11282B5F7AFB0013DE71 /* RaiseMeUp.xcdatamodeld in Sources */,
				359B11342B5F7AFB0013DE71 /* AppDelegate.swift in Sources */,
				359B11372B5F7AFB0013DE71 /* SceneDelegate.swift in Sources */,
			);
			runOnlyForDeploymentPostprocessing = 0;
		};
		359B11702B5F7B110013DE71 /* Sources */ = {
			isa = PBXSourcesBuildPhase;
			buildActionMask = 2147483647;
			files = (
				359B11762B5F7B110013DE71 /* RaiseMeUp.xcdatamodeld in Sources */,
				359B11822B5F7B110013DE71 /* AppDelegate.swift in Sources */,
				359B11852B5F7B110013DE71 /* SceneDelegate.swift in Sources */,
			);
			runOnlyForDeploymentPostprocessing = 0;
		};
/* End PBXSourcesBuildPhase section */

/* Begin PBXTargetDependency section */
		3563A7672AF085270037C029 /* PBXTargetDependency */ = {
			isa = PBXTargetDependency;
			target = 3563A74B2AF085270037C029 /* RaiseMeUp-PROD */;
			targetProxy = 3563A7662AF085270037C029 /* PBXContainerItemProxy */;
		};
		3563A7712AF085270037C029 /* PBXTargetDependency */ = {
			isa = PBXTargetDependency;
			target = 3563A74B2AF085270037C029 /* RaiseMeUp-PROD */;
			targetProxy = 3563A7702AF085270037C029 /* PBXContainerItemProxy */;
		};
		35BCFFEB2B82D42B0078D1CF /* PBXTargetDependency */ = {
			isa = PBXTargetDependency;
			target = 359B111B2B5F7AFB0013DE71 /* RaiseMeUp-DEV */;
			targetProxy = 35BCFFEA2B82D42B0078D1CF /* PBXContainerItemProxy */;
		};
/* End PBXTargetDependency section */

/* Begin PBXVariantGroup section */
		3563A75D2AF085270037C029 /* LaunchScreen.storyboard */ = {
			isa = PBXVariantGroup;
			children = (
				3563A75E2AF085270037C029 /* Base */,
				351871AE2B2034EB00E79C4F /* ko-KR */,
			);
			name = LaunchScreen.storyboard;
			sourceTree = "<group>";
		};
/* End PBXVariantGroup section */

/* Begin XCBuildConfiguration section */
		3563A7772AF085270037C029 /* DEV */ = {
			isa = XCBuildConfiguration;
			buildSettings = {
				ALWAYS_SEARCH_USER_PATHS = NO;
				CLANG_ANALYZER_LOCALIZABILITY_NONLOCALIZED = YES;
				CLANG_ANALYZER_NONNULL = YES;
				CLANG_ANALYZER_NUMBER_OBJECT_CONVERSION = YES_AGGRESSIVE;
				CLANG_CXX_LANGUAGE_STANDARD = "gnu++20";
				CLANG_ENABLE_MODULES = YES;
				CLANG_ENABLE_OBJC_ARC = YES;
				CLANG_ENABLE_OBJC_WEAK = YES;
				CLANG_WARN_BLOCK_CAPTURE_AUTORELEASING = YES;
				CLANG_WARN_BOOL_CONVERSION = YES;
				CLANG_WARN_COMMA = YES;
				CLANG_WARN_CONSTANT_CONVERSION = YES;
				CLANG_WARN_DEPRECATED_OBJC_IMPLEMENTATIONS = YES;
				CLANG_WARN_DIRECT_OBJC_ISA_USAGE = YES_ERROR;
				CLANG_WARN_DOCUMENTATION_COMMENTS = YES;
				CLANG_WARN_EMPTY_BODY = YES;
				CLANG_WARN_ENUM_CONVERSION = YES;
				CLANG_WARN_INFINITE_RECURSION = YES;
				CLANG_WARN_INT_CONVERSION = YES;
				CLANG_WARN_NON_LITERAL_NULL_CONVERSION = YES;
				CLANG_WARN_OBJC_IMPLICIT_RETAIN_SELF = YES;
				CLANG_WARN_OBJC_LITERAL_CONVERSION = YES;
				CLANG_WARN_OBJC_ROOT_CLASS = YES_ERROR;
				CLANG_WARN_QUOTED_INCLUDE_IN_FRAMEWORK_HEADER = YES;
				CLANG_WARN_RANGE_LOOP_ANALYSIS = YES;
				CLANG_WARN_STRICT_PROTOTYPES = YES;
				CLANG_WARN_SUSPICIOUS_MOVE = YES;
				CLANG_WARN_UNGUARDED_AVAILABILITY = YES_AGGRESSIVE;
				CLANG_WARN_UNREACHABLE_CODE = YES;
				CLANG_WARN__DUPLICATE_METHOD_MATCH = YES;
				COPY_PHASE_STRIP = NO;
				DEBUG_INFORMATION_FORMAT = "dwarf-with-dsym";
				ENABLE_STRICT_OBJC_MSGSEND = YES;
				ENABLE_TESTABILITY = YES;
				GCC_C_LANGUAGE_STANDARD = gnu11;
				GCC_DYNAMIC_NO_PIC = NO;
				GCC_NO_COMMON_BLOCKS = YES;
				GCC_OPTIMIZATION_LEVEL = 0;
				GCC_PREPROCESSOR_DEFINITIONS = (
					"DEBUG=1",
					"$(inherited)",
				);
				GCC_WARN_64_TO_32_BIT_CONVERSION = YES;
				GCC_WARN_ABOUT_RETURN_TYPE = YES_ERROR;
				GCC_WARN_UNDECLARED_SELECTOR = YES;
				GCC_WARN_UNINITIALIZED_AUTOS = YES_AGGRESSIVE;
				GCC_WARN_UNUSED_FUNCTION = YES;
				GCC_WARN_UNUSED_VARIABLE = YES;
				IPHONEOS_DEPLOYMENT_TARGET = 16.4;
				MTL_ENABLE_DEBUG_INFO = INCLUDE_SOURCE;
				MTL_FAST_MATH = YES;
				ONLY_ACTIVE_ARCH = YES;
				OTHER_LDFLAGS = "";
				SDKROOT = iphoneos;
				SWIFT_ACTIVE_COMPILATION_CONDITIONS = DEV;
				SWIFT_OPTIMIZATION_LEVEL = "-Onone";
			};
			name = DEV;
		};
		3563A7782AF085270037C029 /* PROD */ = {
			isa = XCBuildConfiguration;
			buildSettings = {
				ALWAYS_SEARCH_USER_PATHS = NO;
				CLANG_ANALYZER_LOCALIZABILITY_NONLOCALIZED = YES;
				CLANG_ANALYZER_NONNULL = YES;
				CLANG_ANALYZER_NUMBER_OBJECT_CONVERSION = YES_AGGRESSIVE;
				CLANG_CXX_LANGUAGE_STANDARD = "gnu++20";
				CLANG_ENABLE_MODULES = YES;
				CLANG_ENABLE_OBJC_ARC = YES;
				CLANG_ENABLE_OBJC_WEAK = YES;
				CLANG_WARN_BLOCK_CAPTURE_AUTORELEASING = YES;
				CLANG_WARN_BOOL_CONVERSION = YES;
				CLANG_WARN_COMMA = YES;
				CLANG_WARN_CONSTANT_CONVERSION = YES;
				CLANG_WARN_DEPRECATED_OBJC_IMPLEMENTATIONS = YES;
				CLANG_WARN_DIRECT_OBJC_ISA_USAGE = YES_ERROR;
				CLANG_WARN_DOCUMENTATION_COMMENTS = YES;
				CLANG_WARN_EMPTY_BODY = YES;
				CLANG_WARN_ENUM_CONVERSION = YES;
				CLANG_WARN_INFINITE_RECURSION = YES;
				CLANG_WARN_INT_CONVERSION = YES;
				CLANG_WARN_NON_LITERAL_NULL_CONVERSION = YES;
				CLANG_WARN_OBJC_IMPLICIT_RETAIN_SELF = YES;
				CLANG_WARN_OBJC_LITERAL_CONVERSION = YES;
				CLANG_WARN_OBJC_ROOT_CLASS = YES_ERROR;
				CLANG_WARN_QUOTED_INCLUDE_IN_FRAMEWORK_HEADER = YES;
				CLANG_WARN_RANGE_LOOP_ANALYSIS = YES;
				CLANG_WARN_STRICT_PROTOTYPES = YES;
				CLANG_WARN_SUSPICIOUS_MOVE = YES;
				CLANG_WARN_UNGUARDED_AVAILABILITY = YES_AGGRESSIVE;
				CLANG_WARN_UNREACHABLE_CODE = YES;
				CLANG_WARN__DUPLICATE_METHOD_MATCH = YES;
				COPY_PHASE_STRIP = NO;
				DEBUG_INFORMATION_FORMAT = "dwarf-with-dsym";
				ENABLE_NS_ASSERTIONS = NO;
				ENABLE_STRICT_OBJC_MSGSEND = YES;
				GCC_C_LANGUAGE_STANDARD = gnu11;
				GCC_NO_COMMON_BLOCKS = YES;
				GCC_WARN_64_TO_32_BIT_CONVERSION = YES;
				GCC_WARN_ABOUT_RETURN_TYPE = YES_ERROR;
				GCC_WARN_UNDECLARED_SELECTOR = YES;
				GCC_WARN_UNINITIALIZED_AUTOS = YES_AGGRESSIVE;
				GCC_WARN_UNUSED_FUNCTION = YES;
				GCC_WARN_UNUSED_VARIABLE = YES;
				IPHONEOS_DEPLOYMENT_TARGET = 16.4;
				MTL_ENABLE_DEBUG_INFO = NO;
				MTL_FAST_MATH = YES;
				OTHER_LDFLAGS = "";
				SDKROOT = iphoneos;
				SWIFT_ACTIVE_COMPILATION_CONDITIONS = PROD;
				SWIFT_COMPILATION_MODE = wholemodule;
				SWIFT_OPTIMIZATION_LEVEL = "-O";
				VALIDATE_PRODUCT = YES;
			};
			name = PROD;
		};
		3563A77A2AF085270037C029 /* DEV */ = {
			isa = XCBuildConfiguration;
			buildSettings = {
				ASSETCATALOG_COMPILER_APPICON_NAME = AppIcon;
				ASSETCATALOG_COMPILER_GLOBAL_ACCENT_COLOR_NAME = AccentColor;
				CODE_SIGN_ENTITLEMENTS = RaiseMeUp/RaiseMeUp.entitlements;
				CODE_SIGN_STYLE = Automatic;
				CURRENT_PROJECT_VERSION = 1;
				DEVELOPMENT_TEAM = 96H5TT55S4;
				GENERATE_INFOPLIST_FILE = YES;
				INFOPLIST_FILE = RaiseMeUp/Resources/Info.plist;
				INFOPLIST_KEY_LSApplicationCategoryType = "public.app-category.sports";
				INFOPLIST_KEY_UIApplicationSupportsIndirectInputEvents = YES;
				INFOPLIST_KEY_UILaunchStoryboardName = LaunchScreen;
				INFOPLIST_KEY_UISupportedInterfaceOrientations = UIInterfaceOrientationPortrait;
				INFOPLIST_KEY_UISupportedInterfaceOrientations_iPad = "UIInterfaceOrientationLandscapeLeft UIInterfaceOrientationLandscapeRight UIInterfaceOrientationPortrait UIInterfaceOrientationPortraitUpsideDown";
				IPHONEOS_DEPLOYMENT_TARGET = 15.0;
				LD_RUNPATH_SEARCH_PATHS = (
					"$(inherited)",
					"@executable_path/Frameworks",
				);
				MARKETING_VERSION = 1.0.0;
				PRODUCT_BUNDLE_IDENTIFIER = com.peter1119.RaiseMeUp;
				PRODUCT_NAME = "$(TARGET_NAME)";
				SUPPORTED_PLATFORMS = "iphoneos iphonesimulator";
				SUPPORTS_MACCATALYST = NO;
				SUPPORTS_MAC_DESIGNED_FOR_IPHONE_IPAD = NO;
				SWIFT_ACTIVE_COMPILATION_CONDITIONS = DEV;
				SWIFT_COMPILATION_MODE = singlefile;
				SWIFT_EMIT_LOC_STRINGS = YES;
				SWIFT_OPTIMIZATION_LEVEL = "-Onone";
				SWIFT_VERSION = 5.0;
				TARGETED_DEVICE_FAMILY = 1;
			};
			name = DEV;
		};
		3563A77B2AF085270037C029 /* PROD */ = {
			isa = XCBuildConfiguration;
			buildSettings = {
				ASSETCATALOG_COMPILER_APPICON_NAME = AppIcon;
				ASSETCATALOG_COMPILER_GLOBAL_ACCENT_COLOR_NAME = AccentColor;
				CODE_SIGN_ENTITLEMENTS = RaiseMeUp/RaiseMeUp.entitlements;
				CODE_SIGN_STYLE = Automatic;
				CURRENT_PROJECT_VERSION = 1;
				DEVELOPMENT_TEAM = 96H5TT55S4;
				GENERATE_INFOPLIST_FILE = YES;
				INFOPLIST_FILE = RaiseMeUp/Resources/Info.plist;
				INFOPLIST_KEY_LSApplicationCategoryType = "public.app-category.sports";
				INFOPLIST_KEY_UIApplicationSupportsIndirectInputEvents = YES;
				INFOPLIST_KEY_UILaunchStoryboardName = LaunchScreen;
				INFOPLIST_KEY_UISupportedInterfaceOrientations = UIInterfaceOrientationPortrait;
				INFOPLIST_KEY_UISupportedInterfaceOrientations_iPad = "UIInterfaceOrientationLandscapeLeft UIInterfaceOrientationLandscapeRight UIInterfaceOrientationPortrait UIInterfaceOrientationPortraitUpsideDown";
				IPHONEOS_DEPLOYMENT_TARGET = 15.0;
				LD_RUNPATH_SEARCH_PATHS = (
					"$(inherited)",
					"@executable_path/Frameworks",
				);
				MARKETING_VERSION = 1.0.0;
				PRODUCT_BUNDLE_IDENTIFIER = com.peter1119.RaiseMeUp;
				PRODUCT_NAME = "$(TARGET_NAME)";
				SUPPORTED_PLATFORMS = "iphoneos iphonesimulator";
				SUPPORTS_MACCATALYST = NO;
				SUPPORTS_MAC_DESIGNED_FOR_IPHONE_IPAD = NO;
				SWIFT_ACTIVE_COMPILATION_CONDITIONS = PROD;
				SWIFT_EMIT_LOC_STRINGS = YES;
				SWIFT_OPTIMIZATION_LEVEL = "-Onone";
				SWIFT_VERSION = 5.0;
				TARGETED_DEVICE_FAMILY = 1;
			};
			name = PROD;
		};
		3563A77D2AF085270037C029 /* DEV */ = {
			isa = XCBuildConfiguration;
			buildSettings = {
				ALWAYS_EMBED_SWIFT_STANDARD_LIBRARIES = YES;
				BUNDLE_LOADER = "$(TEST_HOST)";
				CODE_SIGN_STYLE = Automatic;
				CURRENT_PROJECT_VERSION = 1;
				DEVELOPMENT_TEAM = 96H5TT55S4;
				GENERATE_INFOPLIST_FILE = YES;
				IPHONEOS_DEPLOYMENT_TARGET = 16.4;
				MARKETING_VERSION = 1.0;
				PRODUCT_BUNDLE_IDENTIFIER = com.peter1119.RaiseMeUpTests;
				PRODUCT_NAME = "$(TARGET_NAME)";
				SWIFT_EMIT_LOC_STRINGS = NO;
				SWIFT_VERSION = 5.0;
				TARGETED_DEVICE_FAMILY = "1,2";
				TEST_HOST = "$(BUILT_PRODUCTS_DIR)/RaiseMeUp-DEV.app/$(BUNDLE_EXECUTABLE_FOLDER_PATH)/RaiseMeUp-DEV";
			};
			name = DEV;
		};
		3563A77E2AF085270037C029 /* PROD */ = {
			isa = XCBuildConfiguration;
			buildSettings = {
				ALWAYS_EMBED_SWIFT_STANDARD_LIBRARIES = YES;
				BUNDLE_LOADER = "$(TEST_HOST)";
				CODE_SIGN_STYLE = Automatic;
				CURRENT_PROJECT_VERSION = 1;
				DEVELOPMENT_TEAM = 96H5TT55S4;
				GENERATE_INFOPLIST_FILE = YES;
				IPHONEOS_DEPLOYMENT_TARGET = 16.4;
				MARKETING_VERSION = 1.0;
				PRODUCT_BUNDLE_IDENTIFIER = com.peter1119.RaiseMeUpTests;
				PRODUCT_NAME = "$(TARGET_NAME)";
				SWIFT_EMIT_LOC_STRINGS = NO;
				SWIFT_VERSION = 5.0;
				TARGETED_DEVICE_FAMILY = "1,2";
				TEST_HOST = "$(BUILT_PRODUCTS_DIR)/RaiseMeUp-DEV.app/$(BUNDLE_EXECUTABLE_FOLDER_PATH)/RaiseMeUp-DEV";
			};
			name = PROD;
		};
		3563A7802AF085270037C029 /* DEV */ = {
			isa = XCBuildConfiguration;
			buildSettings = {
				ALWAYS_EMBED_SWIFT_STANDARD_LIBRARIES = YES;
				CODE_SIGN_STYLE = Automatic;
				CURRENT_PROJECT_VERSION = 1;
				DEVELOPMENT_TEAM = 96H5TT55S4;
				GENERATE_INFOPLIST_FILE = YES;
				MARKETING_VERSION = 1.0;
				PRODUCT_BUNDLE_IDENTIFIER = com.peter1119.RaiseMeUpUITests;
				PRODUCT_NAME = "$(TARGET_NAME)";
				SWIFT_EMIT_LOC_STRINGS = NO;
				SWIFT_VERSION = 5.0;
				TARGETED_DEVICE_FAMILY = "1,2";
				TEST_TARGET_NAME = RaiseMeUp;
			};
			name = DEV;
		};
		3563A7812AF085270037C029 /* PROD */ = {
			isa = XCBuildConfiguration;
			buildSettings = {
				ALWAYS_EMBED_SWIFT_STANDARD_LIBRARIES = YES;
				CODE_SIGN_STYLE = Automatic;
				CURRENT_PROJECT_VERSION = 1;
				DEVELOPMENT_TEAM = 96H5TT55S4;
				GENERATE_INFOPLIST_FILE = YES;
				MARKETING_VERSION = 1.0;
				PRODUCT_BUNDLE_IDENTIFIER = com.peter1119.RaiseMeUpUITests;
				PRODUCT_NAME = "$(TARGET_NAME)";
				SWIFT_EMIT_LOC_STRINGS = NO;
				SWIFT_VERSION = 5.0;
				TARGETED_DEVICE_FAMILY = "1,2";
				TEST_TARGET_NAME = RaiseMeUp;
			};
			name = PROD;
		};
		359B11652B5F7AFB0013DE71 /* DEV */ = {
			isa = XCBuildConfiguration;
			buildSettings = {
				ASSETCATALOG_COMPILER_APPICON_NAME = AppIcon;
				ASSETCATALOG_COMPILER_GLOBAL_ACCENT_COLOR_NAME = AccentColor;
				CODE_SIGN_ENTITLEMENTS = RaiseMeUp/RaiseMeUp.entitlements;
				CODE_SIGN_STYLE = Automatic;
				CURRENT_PROJECT_VERSION = 1;
				DEVELOPMENT_TEAM = 96H5TT55S4;
				GENERATE_INFOPLIST_FILE = YES;
				INFOPLIST_FILE = "RaiseMeUp-DEV-Info.plist";
				INFOPLIST_KEY_LSApplicationCategoryType = "public.app-category.sports";
				INFOPLIST_KEY_UIApplicationSupportsIndirectInputEvents = YES;
				INFOPLIST_KEY_UILaunchStoryboardName = LaunchScreen;
				INFOPLIST_KEY_UISupportedInterfaceOrientations = UIInterfaceOrientationPortrait;
				INFOPLIST_KEY_UISupportedInterfaceOrientations_iPad = "UIInterfaceOrientationLandscapeLeft UIInterfaceOrientationLandscapeRight UIInterfaceOrientationPortrait UIInterfaceOrientationPortraitUpsideDown";
				IPHONEOS_DEPLOYMENT_TARGET = 15.0;
				LD_RUNPATH_SEARCH_PATHS = (
					"$(inherited)",
					"@executable_path/Frameworks",
				);
				MARKETING_VERSION = 1.0;
				PRODUCT_BUNDLE_IDENTIFIER = com.peter1119.RaiseMeUp;
				PRODUCT_NAME = "$(TARGET_NAME)";
				SUPPORTED_PLATFORMS = "iphoneos iphonesimulator";
				SUPPORTS_MACCATALYST = NO;
				SUPPORTS_MAC_DESIGNED_FOR_IPHONE_IPAD = NO;
				SWIFT_EMIT_LOC_STRINGS = YES;
				SWIFT_VERSION = 5.0;
				TARGETED_DEVICE_FAMILY = 1;
			};
			name = DEV;
		};
		359B11662B5F7AFB0013DE71 /* PROD */ = {
			isa = XCBuildConfiguration;
			buildSettings = {
				ASSETCATALOG_COMPILER_APPICON_NAME = AppIcon;
				ASSETCATALOG_COMPILER_GLOBAL_ACCENT_COLOR_NAME = AccentColor;
				CODE_SIGN_ENTITLEMENTS = RaiseMeUp/RaiseMeUp.entitlements;
				CODE_SIGN_STYLE = Automatic;
				CURRENT_PROJECT_VERSION = 1;
				DEVELOPMENT_TEAM = 96H5TT55S4;
				GENERATE_INFOPLIST_FILE = YES;
				INFOPLIST_FILE = "RaiseMeUp-DEV-Info.plist";
				INFOPLIST_KEY_LSApplicationCategoryType = "public.app-category.sports";
				INFOPLIST_KEY_UIApplicationSupportsIndirectInputEvents = YES;
				INFOPLIST_KEY_UILaunchStoryboardName = LaunchScreen;
				INFOPLIST_KEY_UISupportedInterfaceOrientations = UIInterfaceOrientationPortrait;
				INFOPLIST_KEY_UISupportedInterfaceOrientations_iPad = "UIInterfaceOrientationLandscapeLeft UIInterfaceOrientationLandscapeRight UIInterfaceOrientationPortrait UIInterfaceOrientationPortraitUpsideDown";
				IPHONEOS_DEPLOYMENT_TARGET = 15.0;
				LD_RUNPATH_SEARCH_PATHS = (
					"$(inherited)",
					"@executable_path/Frameworks",
				);
				MARKETING_VERSION = 1.0;
				PRODUCT_BUNDLE_IDENTIFIER = com.peter1119.RaiseMeUp;
				PRODUCT_NAME = "$(TARGET_NAME)";
				SUPPORTED_PLATFORMS = "iphoneos iphonesimulator";
				SUPPORTS_MACCATALYST = NO;
				SUPPORTS_MAC_DESIGNED_FOR_IPHONE_IPAD = NO;
				SWIFT_EMIT_LOC_STRINGS = YES;
				SWIFT_VERSION = 5.0;
				TARGETED_DEVICE_FAMILY = 1;
			};
			name = PROD;
		};
		359B11B32B5F7B110013DE71 /* DEV */ = {
			isa = XCBuildConfiguration;
			buildSettings = {
				ASSETCATALOG_COMPILER_APPICON_NAME = AppIcon;
				ASSETCATALOG_COMPILER_GLOBAL_ACCENT_COLOR_NAME = AccentColor;
				CODE_SIGN_ENTITLEMENTS = RaiseMeUp/RaiseMeUp.entitlements;
				CODE_SIGN_STYLE = Automatic;
				CURRENT_PROJECT_VERSION = 1;
				DEVELOPMENT_TEAM = 96H5TT55S4;
				GENERATE_INFOPLIST_FILE = YES;
				INFOPLIST_FILE = "RaiseMeUp-QA-Info.plist";
				INFOPLIST_KEY_LSApplicationCategoryType = "public.app-category.sports";
				INFOPLIST_KEY_UIApplicationSupportsIndirectInputEvents = YES;
				INFOPLIST_KEY_UILaunchStoryboardName = LaunchScreen;
				INFOPLIST_KEY_UISupportedInterfaceOrientations = UIInterfaceOrientationPortrait;
				INFOPLIST_KEY_UISupportedInterfaceOrientations_iPad = "UIInterfaceOrientationLandscapeLeft UIInterfaceOrientationLandscapeRight UIInterfaceOrientationPortrait UIInterfaceOrientationPortraitUpsideDown";
				IPHONEOS_DEPLOYMENT_TARGET = 15.0;
				LD_RUNPATH_SEARCH_PATHS = (
					"$(inherited)",
					"@executable_path/Frameworks",
				);
				MARKETING_VERSION = 1.0;
				PRODUCT_BUNDLE_IDENTIFIER = com.peter1119.RaiseMeUp;
				PRODUCT_NAME = "$(TARGET_NAME)";
				SUPPORTED_PLATFORMS = "iphoneos iphonesimulator";
				SUPPORTS_MACCATALYST = NO;
				SUPPORTS_MAC_DESIGNED_FOR_IPHONE_IPAD = NO;
				SWIFT_EMIT_LOC_STRINGS = YES;
				SWIFT_VERSION = 5.0;
				TARGETED_DEVICE_FAMILY = 1;
			};
			name = DEV;
		};
		359B11B42B5F7B110013DE71 /* PROD */ = {
			isa = XCBuildConfiguration;
			buildSettings = {
				ASSETCATALOG_COMPILER_APPICON_NAME = AppIcon;
				ASSETCATALOG_COMPILER_GLOBAL_ACCENT_COLOR_NAME = AccentColor;
				CODE_SIGN_ENTITLEMENTS = RaiseMeUp/RaiseMeUp.entitlements;
				CODE_SIGN_STYLE = Automatic;
				CURRENT_PROJECT_VERSION = 1;
				DEVELOPMENT_TEAM = 96H5TT55S4;
				GENERATE_INFOPLIST_FILE = YES;
				INFOPLIST_FILE = "RaiseMeUp-QA-Info.plist";
				INFOPLIST_KEY_LSApplicationCategoryType = "public.app-category.sports";
				INFOPLIST_KEY_UIApplicationSupportsIndirectInputEvents = YES;
				INFOPLIST_KEY_UILaunchStoryboardName = LaunchScreen;
				INFOPLIST_KEY_UISupportedInterfaceOrientations = UIInterfaceOrientationPortrait;
				INFOPLIST_KEY_UISupportedInterfaceOrientations_iPad = "UIInterfaceOrientationLandscapeLeft UIInterfaceOrientationLandscapeRight UIInterfaceOrientationPortrait UIInterfaceOrientationPortraitUpsideDown";
				IPHONEOS_DEPLOYMENT_TARGET = 15.0;
				LD_RUNPATH_SEARCH_PATHS = (
					"$(inherited)",
					"@executable_path/Frameworks",
				);
				MARKETING_VERSION = 1.0;
				PRODUCT_BUNDLE_IDENTIFIER = com.peter1119.RaiseMeUp;
				PRODUCT_NAME = "$(TARGET_NAME)";
				SUPPORTED_PLATFORMS = "iphoneos iphonesimulator";
				SUPPORTS_MACCATALYST = NO;
				SUPPORTS_MAC_DESIGNED_FOR_IPHONE_IPAD = NO;
				SWIFT_EMIT_LOC_STRINGS = YES;
				SWIFT_VERSION = 5.0;
				TARGETED_DEVICE_FAMILY = 1;
			};
			name = PROD;
		};
		359B11B72B5F7DFD0013DE71 /* QA */ = {
			isa = XCBuildConfiguration;
			buildSettings = {
				ALWAYS_SEARCH_USER_PATHS = NO;
				CLANG_ANALYZER_LOCALIZABILITY_NONLOCALIZED = YES;
				CLANG_ANALYZER_NONNULL = YES;
				CLANG_ANALYZER_NUMBER_OBJECT_CONVERSION = YES_AGGRESSIVE;
				CLANG_CXX_LANGUAGE_STANDARD = "gnu++20";
				CLANG_ENABLE_MODULES = YES;
				CLANG_ENABLE_OBJC_ARC = YES;
				CLANG_ENABLE_OBJC_WEAK = YES;
				CLANG_WARN_BLOCK_CAPTURE_AUTORELEASING = YES;
				CLANG_WARN_BOOL_CONVERSION = YES;
				CLANG_WARN_COMMA = YES;
				CLANG_WARN_CONSTANT_CONVERSION = YES;
				CLANG_WARN_DEPRECATED_OBJC_IMPLEMENTATIONS = YES;
				CLANG_WARN_DIRECT_OBJC_ISA_USAGE = YES_ERROR;
				CLANG_WARN_DOCUMENTATION_COMMENTS = YES;
				CLANG_WARN_EMPTY_BODY = YES;
				CLANG_WARN_ENUM_CONVERSION = YES;
				CLANG_WARN_INFINITE_RECURSION = YES;
				CLANG_WARN_INT_CONVERSION = YES;
				CLANG_WARN_NON_LITERAL_NULL_CONVERSION = YES;
				CLANG_WARN_OBJC_IMPLICIT_RETAIN_SELF = YES;
				CLANG_WARN_OBJC_LITERAL_CONVERSION = YES;
				CLANG_WARN_OBJC_ROOT_CLASS = YES_ERROR;
				CLANG_WARN_QUOTED_INCLUDE_IN_FRAMEWORK_HEADER = YES;
				CLANG_WARN_RANGE_LOOP_ANALYSIS = YES;
				CLANG_WARN_STRICT_PROTOTYPES = YES;
				CLANG_WARN_SUSPICIOUS_MOVE = YES;
				CLANG_WARN_UNGUARDED_AVAILABILITY = YES_AGGRESSIVE;
				CLANG_WARN_UNREACHABLE_CODE = YES;
				CLANG_WARN__DUPLICATE_METHOD_MATCH = YES;
				COPY_PHASE_STRIP = NO;
				DEBUG_INFORMATION_FORMAT = "dwarf-with-dsym";
				ENABLE_STRICT_OBJC_MSGSEND = YES;
				ENABLE_TESTABILITY = YES;
				GCC_C_LANGUAGE_STANDARD = gnu11;
				GCC_DYNAMIC_NO_PIC = NO;
				GCC_NO_COMMON_BLOCKS = YES;
				GCC_OPTIMIZATION_LEVEL = 0;
				GCC_PREPROCESSOR_DEFINITIONS = (
					"DEBUG=1",
					"$(inherited)",
				);
				GCC_WARN_64_TO_32_BIT_CONVERSION = YES;
				GCC_WARN_ABOUT_RETURN_TYPE = YES_ERROR;
				GCC_WARN_UNDECLARED_SELECTOR = YES;
				GCC_WARN_UNINITIALIZED_AUTOS = YES_AGGRESSIVE;
				GCC_WARN_UNUSED_FUNCTION = YES;
				GCC_WARN_UNUSED_VARIABLE = YES;
				IPHONEOS_DEPLOYMENT_TARGET = 16.4;
				MTL_ENABLE_DEBUG_INFO = INCLUDE_SOURCE;
				MTL_FAST_MATH = YES;
				ONLY_ACTIVE_ARCH = YES;
				OTHER_LDFLAGS = "";
				SDKROOT = iphoneos;
				SWIFT_ACTIVE_COMPILATION_CONDITIONS = QA;
				SWIFT_OPTIMIZATION_LEVEL = "-Onone";
			};
			name = QA;
		};
		359B11B82B5F7DFD0013DE71 /* QA */ = {
			isa = XCBuildConfiguration;
			buildSettings = {
				ASSETCATALOG_COMPILER_APPICON_NAME = AppIcon;
				ASSETCATALOG_COMPILER_GLOBAL_ACCENT_COLOR_NAME = AccentColor;
				CODE_SIGN_ENTITLEMENTS = RaiseMeUp/RaiseMeUp.entitlements;
				CODE_SIGN_STYLE = Automatic;
				CURRENT_PROJECT_VERSION = 1;
				DEVELOPMENT_TEAM = 96H5TT55S4;
				GENERATE_INFOPLIST_FILE = YES;
				INFOPLIST_FILE = RaiseMeUp/Resources/Info.plist;
				INFOPLIST_KEY_LSApplicationCategoryType = "public.app-category.sports";
				INFOPLIST_KEY_UIApplicationSupportsIndirectInputEvents = YES;
				INFOPLIST_KEY_UILaunchStoryboardName = LaunchScreen;
				INFOPLIST_KEY_UISupportedInterfaceOrientations = UIInterfaceOrientationPortrait;
				INFOPLIST_KEY_UISupportedInterfaceOrientations_iPad = "UIInterfaceOrientationLandscapeLeft UIInterfaceOrientationLandscapeRight UIInterfaceOrientationPortrait UIInterfaceOrientationPortraitUpsideDown";
				IPHONEOS_DEPLOYMENT_TARGET = 15.0;
				LD_RUNPATH_SEARCH_PATHS = (
					"$(inherited)",
					"@executable_path/Frameworks",
				);
				MARKETING_VERSION = 1.0.0;
				PRODUCT_BUNDLE_IDENTIFIER = com.peter1119.RaiseMeUp;
				PRODUCT_NAME = "$(TARGET_NAME)";
				SUPPORTED_PLATFORMS = "iphoneos iphonesimulator";
				SUPPORTS_MACCATALYST = NO;
				SUPPORTS_MAC_DESIGNED_FOR_IPHONE_IPAD = NO;
				SWIFT_ACTIVE_COMPILATION_CONDITIONS = QA;
				SWIFT_COMPILATION_MODE = singlefile;
				SWIFT_EMIT_LOC_STRINGS = YES;
				SWIFT_OPTIMIZATION_LEVEL = "-Onone";
				SWIFT_VERSION = 5.0;
				TARGETED_DEVICE_FAMILY = 1;
			};
			name = QA;
		};
		359B11B92B5F7DFD0013DE71 /* QA */ = {
			isa = XCBuildConfiguration;
			buildSettings = {
				ASSETCATALOG_COMPILER_APPICON_NAME = AppIcon;
				ASSETCATALOG_COMPILER_GLOBAL_ACCENT_COLOR_NAME = AccentColor;
				CODE_SIGN_ENTITLEMENTS = RaiseMeUp/RaiseMeUp.entitlements;
				CODE_SIGN_STYLE = Automatic;
				CURRENT_PROJECT_VERSION = 1;
				DEVELOPMENT_TEAM = 96H5TT55S4;
				GENERATE_INFOPLIST_FILE = YES;
				INFOPLIST_FILE = "RaiseMeUp-DEV-Info.plist";
				INFOPLIST_KEY_LSApplicationCategoryType = "public.app-category.sports";
				INFOPLIST_KEY_UIApplicationSupportsIndirectInputEvents = YES;
				INFOPLIST_KEY_UILaunchStoryboardName = LaunchScreen;
				INFOPLIST_KEY_UISupportedInterfaceOrientations = UIInterfaceOrientationPortrait;
				INFOPLIST_KEY_UISupportedInterfaceOrientations_iPad = "UIInterfaceOrientationLandscapeLeft UIInterfaceOrientationLandscapeRight UIInterfaceOrientationPortrait UIInterfaceOrientationPortraitUpsideDown";
				IPHONEOS_DEPLOYMENT_TARGET = 15.0;
				LD_RUNPATH_SEARCH_PATHS = (
					"$(inherited)",
					"@executable_path/Frameworks",
				);
				MARKETING_VERSION = 1.0;
				PRODUCT_BUNDLE_IDENTIFIER = com.peter1119.RaiseMeUp;
				PRODUCT_NAME = "$(TARGET_NAME)";
				SUPPORTED_PLATFORMS = "iphoneos iphonesimulator";
				SUPPORTS_MACCATALYST = NO;
				SUPPORTS_MAC_DESIGNED_FOR_IPHONE_IPAD = NO;
				SWIFT_EMIT_LOC_STRINGS = YES;
				SWIFT_VERSION = 5.0;
				TARGETED_DEVICE_FAMILY = 1;
			};
			name = QA;
		};
		359B11BA2B5F7DFD0013DE71 /* QA */ = {
			isa = XCBuildConfiguration;
			buildSettings = {
				ASSETCATALOG_COMPILER_APPICON_NAME = AppIcon;
				ASSETCATALOG_COMPILER_GLOBAL_ACCENT_COLOR_NAME = AccentColor;
				CODE_SIGN_ENTITLEMENTS = RaiseMeUp/RaiseMeUp.entitlements;
				CODE_SIGN_STYLE = Automatic;
				CURRENT_PROJECT_VERSION = 1;
				DEVELOPMENT_TEAM = 96H5TT55S4;
				GENERATE_INFOPLIST_FILE = YES;
				INFOPLIST_FILE = "RaiseMeUp-QA-Info.plist";
				INFOPLIST_KEY_LSApplicationCategoryType = "public.app-category.sports";
				INFOPLIST_KEY_UIApplicationSupportsIndirectInputEvents = YES;
				INFOPLIST_KEY_UILaunchStoryboardName = LaunchScreen;
				INFOPLIST_KEY_UISupportedInterfaceOrientations = UIInterfaceOrientationPortrait;
				INFOPLIST_KEY_UISupportedInterfaceOrientations_iPad = "UIInterfaceOrientationLandscapeLeft UIInterfaceOrientationLandscapeRight UIInterfaceOrientationPortrait UIInterfaceOrientationPortraitUpsideDown";
				IPHONEOS_DEPLOYMENT_TARGET = 15.0;
				LD_RUNPATH_SEARCH_PATHS = (
					"$(inherited)",
					"@executable_path/Frameworks",
				);
				MARKETING_VERSION = 1.0;
				PRODUCT_BUNDLE_IDENTIFIER = com.peter1119.RaiseMeUp;
				PRODUCT_NAME = "$(TARGET_NAME)";
				SUPPORTED_PLATFORMS = "iphoneos iphonesimulator";
				SUPPORTS_MACCATALYST = NO;
				SUPPORTS_MAC_DESIGNED_FOR_IPHONE_IPAD = NO;
				SWIFT_EMIT_LOC_STRINGS = YES;
				SWIFT_VERSION = 5.0;
				TARGETED_DEVICE_FAMILY = 1;
			};
			name = QA;
		};
		359B11BB2B5F7DFD0013DE71 /* QA */ = {
			isa = XCBuildConfiguration;
			buildSettings = {
				ALWAYS_EMBED_SWIFT_STANDARD_LIBRARIES = YES;
				BUNDLE_LOADER = "$(TEST_HOST)";
				CODE_SIGN_STYLE = Automatic;
				CURRENT_PROJECT_VERSION = 1;
				DEVELOPMENT_TEAM = 96H5TT55S4;
				GENERATE_INFOPLIST_FILE = YES;
				IPHONEOS_DEPLOYMENT_TARGET = 16.4;
				MARKETING_VERSION = 1.0;
				PRODUCT_BUNDLE_IDENTIFIER = com.peter1119.RaiseMeUpTests;
				PRODUCT_NAME = "$(TARGET_NAME)";
				SWIFT_EMIT_LOC_STRINGS = NO;
				SWIFT_VERSION = 5.0;
				TARGETED_DEVICE_FAMILY = "1,2";
				TEST_HOST = "$(BUILT_PRODUCTS_DIR)/RaiseMeUp-DEV.app/$(BUNDLE_EXECUTABLE_FOLDER_PATH)/RaiseMeUp-DEV";
			};
			name = QA;
		};
		359B11BC2B5F7DFD0013DE71 /* QA */ = {
			isa = XCBuildConfiguration;
			buildSettings = {
				ALWAYS_EMBED_SWIFT_STANDARD_LIBRARIES = YES;
				CODE_SIGN_STYLE = Automatic;
				CURRENT_PROJECT_VERSION = 1;
				DEVELOPMENT_TEAM = 96H5TT55S4;
				GENERATE_INFOPLIST_FILE = YES;
				MARKETING_VERSION = 1.0;
				PRODUCT_BUNDLE_IDENTIFIER = com.peter1119.RaiseMeUpUITests;
				PRODUCT_NAME = "$(TARGET_NAME)";
				SWIFT_EMIT_LOC_STRINGS = NO;
				SWIFT_VERSION = 5.0;
				TARGETED_DEVICE_FAMILY = "1,2";
				TEST_TARGET_NAME = RaiseMeUp;
			};
			name = QA;
		};
/* End XCBuildConfiguration section */

/* Begin XCConfigurationList section */
		3563A7472AF085270037C029 /* Build configuration list for PBXProject "RaiseMeUp" */ = {
			isa = XCConfigurationList;
			buildConfigurations = (
				3563A7772AF085270037C029 /* DEV */,
				359B11B72B5F7DFD0013DE71 /* QA */,
				3563A7782AF085270037C029 /* PROD */,
			);
			defaultConfigurationIsVisible = 0;
			defaultConfigurationName = PROD;
		};
		3563A7792AF085270037C029 /* Build configuration list for PBXNativeTarget "RaiseMeUp-PROD" */ = {
			isa = XCConfigurationList;
			buildConfigurations = (
				3563A77A2AF085270037C029 /* DEV */,
				359B11B82B5F7DFD0013DE71 /* QA */,
				3563A77B2AF085270037C029 /* PROD */,
			);
			defaultConfigurationIsVisible = 0;
			defaultConfigurationName = PROD;
		};
		3563A77C2AF085270037C029 /* Build configuration list for PBXNativeTarget "RaiseMeUpTests" */ = {
			isa = XCConfigurationList;
			buildConfigurations = (
				3563A77D2AF085270037C029 /* DEV */,
				359B11BB2B5F7DFD0013DE71 /* QA */,
				3563A77E2AF085270037C029 /* PROD */,
			);
			defaultConfigurationIsVisible = 0;
			defaultConfigurationName = PROD;
		};
		3563A77F2AF085270037C029 /* Build configuration list for PBXNativeTarget "RaiseMeUpUITests" */ = {
			isa = XCConfigurationList;
			buildConfigurations = (
				3563A7802AF085270037C029 /* DEV */,
				359B11BC2B5F7DFD0013DE71 /* QA */,
				3563A7812AF085270037C029 /* PROD */,
			);
			defaultConfigurationIsVisible = 0;
			defaultConfigurationName = PROD;
		};
		359B11642B5F7AFB0013DE71 /* Build configuration list for PBXNativeTarget "RaiseMeUp-DEV" */ = {
			isa = XCConfigurationList;
			buildConfigurations = (
				359B11652B5F7AFB0013DE71 /* DEV */,
				359B11B92B5F7DFD0013DE71 /* QA */,
				359B11662B5F7AFB0013DE71 /* PROD */,
			);
			defaultConfigurationIsVisible = 0;
			defaultConfigurationName = PROD;
		};
		359B11B22B5F7B110013DE71 /* Build configuration list for PBXNativeTarget "RaiseMeUp-QA" */ = {
			isa = XCConfigurationList;
			buildConfigurations = (
				359B11B32B5F7B110013DE71 /* DEV */,
				359B11BA2B5F7DFD0013DE71 /* QA */,
				359B11B42B5F7B110013DE71 /* PROD */,
			);
			defaultConfigurationIsVisible = 0;
			defaultConfigurationName = PROD;
		};
/* End XCConfigurationList section */

/* Begin XCRemoteSwiftPackageReference section */
		355D64832B8E2EF10055DB35 /* XCRemoteSwiftPackageReference "firebase-ios-sdk" */ = {
			isa = XCRemoteSwiftPackageReference;
			repositoryURL = "https://github.com/firebase/firebase-ios-sdk.git";
			requirement = {
				kind = upToNextMajorVersion;
				minimumVersion = 10.21.0;
			};
		};
		359B111D2B5F7AFB0013DE71 /* XCRemoteSwiftPackageReference "firebase-ios-sdk" */ = {
			isa = XCRemoteSwiftPackageReference;
			repositoryURL = "https://github.com/firebase/firebase-ios-sdk";
			requirement = {
				kind = exactVersion;
				version = 10.17.0;
			};
		};
		359B116B2B5F7B110013DE71 /* XCRemoteSwiftPackageReference "firebase-ios-sdk" */ = {
			isa = XCRemoteSwiftPackageReference;
			repositoryURL = "https://github.com/firebase/firebase-ios-sdk";
			requirement = {
				kind = exactVersion;
				version = 10.17.0;
			};
		};
/* End XCRemoteSwiftPackageReference section */

/* Begin XCSwiftPackageProductDependency section */
		355D64842B8E2EF10055DB35 /* FirebaseAnalytics */ = {
			isa = XCSwiftPackageProductDependency;
			package = 355D64832B8E2EF10055DB35 /* XCRemoteSwiftPackageReference "firebase-ios-sdk" */;
			productName = FirebaseAnalytics;
		};
		355D64862B8E2EF10055DB35 /* FirebaseAuth */ = {
			isa = XCSwiftPackageProductDependency;
			package = 355D64832B8E2EF10055DB35 /* XCRemoteSwiftPackageReference "firebase-ios-sdk" */;
			productName = FirebaseAuth;
		};
		355D64882B8E2EF10055DB35 /* FirebaseCrashlytics */ = {
			isa = XCSwiftPackageProductDependency;
			package = 355D64832B8E2EF10055DB35 /* XCRemoteSwiftPackageReference "firebase-ios-sdk" */;
			productName = FirebaseCrashlytics;
		};
		359B111C2B5F7AFB0013DE71 /* FirebaseAnalytics */ = {
			isa = XCSwiftPackageProductDependency;
			package = 359B111D2B5F7AFB0013DE71 /* XCRemoteSwiftPackageReference "firebase-ios-sdk" */;
			productName = FirebaseAnalytics;
		};
		359B111E2B5F7AFB0013DE71 /* FirebaseAppCheck */ = {
			isa = XCSwiftPackageProductDependency;
			package = 359B111D2B5F7AFB0013DE71 /* XCRemoteSwiftPackageReference "firebase-ios-sdk" */;
			productName = FirebaseAppCheck;
		};
		359B111F2B5F7AFB0013DE71 /* FirebaseCrashlytics */ = {
			isa = XCSwiftPackageProductDependency;
			package = 359B111D2B5F7AFB0013DE71 /* XCRemoteSwiftPackageReference "firebase-ios-sdk" */;
			productName = FirebaseCrashlytics;
		};
		359B11202B5F7AFB0013DE71 /* FirebaseFirestore */ = {
			isa = XCSwiftPackageProductDependency;
			package = 359B111D2B5F7AFB0013DE71 /* XCRemoteSwiftPackageReference "firebase-ios-sdk" */;
			productName = FirebaseFirestore;
		};
		359B11212B5F7AFB0013DE71 /* FirebaseRemoteConfig */ = {
			isa = XCSwiftPackageProductDependency;
			package = 359B111D2B5F7AFB0013DE71 /* XCRemoteSwiftPackageReference "firebase-ios-sdk" */;
			productName = FirebaseRemoteConfig;
		};
		359B116A2B5F7B110013DE71 /* FirebaseAnalytics */ = {
			isa = XCSwiftPackageProductDependency;
			package = 359B116B2B5F7B110013DE71 /* XCRemoteSwiftPackageReference "firebase-ios-sdk" */;
			productName = FirebaseAnalytics;
		};
		359B116C2B5F7B110013DE71 /* FirebaseAppCheck */ = {
			isa = XCSwiftPackageProductDependency;
			package = 359B116B2B5F7B110013DE71 /* XCRemoteSwiftPackageReference "firebase-ios-sdk" */;
			productName = FirebaseAppCheck;
		};
		359B116D2B5F7B110013DE71 /* FirebaseCrashlytics */ = {
			isa = XCSwiftPackageProductDependency;
			package = 359B116B2B5F7B110013DE71 /* XCRemoteSwiftPackageReference "firebase-ios-sdk" */;
			productName = FirebaseCrashlytics;
		};
		359B116E2B5F7B110013DE71 /* FirebaseFirestore */ = {
			isa = XCSwiftPackageProductDependency;
			package = 359B116B2B5F7B110013DE71 /* XCRemoteSwiftPackageReference "firebase-ios-sdk" */;
			productName = FirebaseFirestore;
		};
		359B116F2B5F7B110013DE71 /* FirebaseRemoteConfig */ = {
			isa = XCSwiftPackageProductDependency;
			package = 359B116B2B5F7B110013DE71 /* XCRemoteSwiftPackageReference "firebase-ios-sdk" */;
			productName = FirebaseRemoteConfig;
		};
		35EE326B2BAAF04E00CDBA0C /* Coordinator */ = {
			isa = XCSwiftPackageProductDependency;
			productName = Coordinator;
		};
		35EE326D2BAAF46B00CDBA0C /* Data */ = {
			isa = XCSwiftPackageProductDependency;
			productName = Data;
		};
		35EE326F2BAAF46B00CDBA0C /* Domain */ = {
			isa = XCSwiftPackageProductDependency;
			productName = Domain;
		};
		35EE32712BAAF46B00CDBA0C /* ExerciseCounter */ = {
			isa = XCSwiftPackageProductDependency;
			productName = ExerciseCounter;
		};
		35EE32732BAAF46B00CDBA0C /* Main */ = {
			isa = XCSwiftPackageProductDependency;
			productName = Main;
		};
		35EE32752BAAF46B00CDBA0C /* Root */ = {
			isa = XCSwiftPackageProductDependency;
			productName = Root;
		};
		35EE32772BAAF46B00CDBA0C /* RMNetwork */ = {
			isa = XCSwiftPackageProductDependency;
			productName = RMNetwork;
		};
		35EE32792BAAF46B00CDBA0C /* Shared */ = {
			isa = XCSwiftPackageProductDependency;
			productName = Shared;
		};
/* End XCSwiftPackageProductDependency section */

/* Begin XCVersionGroup section */
		3563A7582AF085270037C029 /* RaiseMeUp.xcdatamodeld */ = {
			isa = XCVersionGroup;
			children = (
				3563A7592AF085270037C029 /* RaiseMeUp.xcdatamodel */,
			);
			currentVersion = 3563A7592AF085270037C029 /* RaiseMeUp.xcdatamodel */;
			path = RaiseMeUp.xcdatamodeld;
			sourceTree = "<group>";
			versionGroupType = wrapper.xcdatamodel;
		};
/* End XCVersionGroup section */
	};
	rootObject = 3563A7442AF085270037C029 /* Project object */;
}
