// !$*UTF8*$!
{
	archiveVersion = 1;
	classes = {
	};
	objectVersion = 56;
	objects = {

/* Begin PBXBuildFile section */
		350A4B9B2B1FF3EA009E988C /* OSLog+Extension.swift in Sources */ = {isa = PBXBuildFile; fileRef = 350A4B9A2B1FF3EA009E988C /* OSLog+Extension.swift */; };
		350A4B9D2B1FF5D2009E988C /* ErrorTableViewCell.swift in Sources */ = {isa = PBXBuildFile; fileRef = 350A4B9C2B1FF5D2009E988C /* ErrorTableViewCell.swift */; };
		350FCFA92B15BB2F00B4738A /* TrainingRepositoryProtocol.swift in Sources */ = {isa = PBXBuildFile; fileRef = 350FCFA82B15BB2F00B4738A /* TrainingRepositoryProtocol.swift */; };
		350FCFAB2B15C65F00B4738A /* TrainingRepository.swift in Sources */ = {isa = PBXBuildFile; fileRef = 350FCFAA2B15C65F00B4738A /* TrainingRepository.swift */; };
		350FCFAE2B15C6BE00B4738A /* TrainingDataSourceProtocol.swift in Sources */ = {isa = PBXBuildFile; fileRef = 350FCFAD2B15C6BE00B4738A /* TrainingDataSourceProtocol.swift */; };
		350FCFB02B15C74800B4738A /* TrainingDataSource.swift in Sources */ = {isa = PBXBuildFile; fileRef = 350FCFAF2B15C74800B4738A /* TrainingDataSource.swift */; };
		350FCFB22B15C93500B4738A /* MainViewModel.swift in Sources */ = {isa = PBXBuildFile; fileRef = 350FCFB12B15C93500B4738A /* MainViewModel.swift */; };
		350FCFB42B15CCDA00B4738A /* ProgramTableViewCell.swift in Sources */ = {isa = PBXBuildFile; fileRef = 350FCFB32B15CCDA00B4738A /* ProgramTableViewCell.swift */; };
		351871AD2B20348500E79C4F /* Localizable.xcstrings in Resources */ = {isa = PBXBuildFile; fileRef = 351871AC2B20348500E79C4F /* Localizable.xcstrings */; };
		355744122B2A7DBB00ED2637 /* ExerciseCounterPresenter.swift in Sources */ = {isa = PBXBuildFile; fileRef = 3557440C2B2A7DBB00ED2637 /* ExerciseCounterPresenter.swift */; };
		355744132B2A7DBB00ED2637 /* ExerciseCounterWorker.swift in Sources */ = {isa = PBXBuildFile; fileRef = 3557440D2B2A7DBB00ED2637 /* ExerciseCounterWorker.swift */; };
		355744142B2A7DBB00ED2637 /* ExerciseCounterRouter.swift in Sources */ = {isa = PBXBuildFile; fileRef = 3557440E2B2A7DBB00ED2637 /* ExerciseCounterRouter.swift */; };
		355744152B2A7DBB00ED2637 /* ExerciseCounterModels.swift in Sources */ = {isa = PBXBuildFile; fileRef = 3557440F2B2A7DBB00ED2637 /* ExerciseCounterModels.swift */; };
		355744162B2A7DBB00ED2637 /* ExerciseCounterViewController.swift in Sources */ = {isa = PBXBuildFile; fileRef = 355744102B2A7DBB00ED2637 /* ExerciseCounterViewController.swift */; };
		355744172B2A7DBB00ED2637 /* ExerciseCounterInteractor.swift in Sources */ = {isa = PBXBuildFile; fileRef = 355744112B2A7DBB00ED2637 /* ExerciseCounterInteractor.swift */; };
		3557441A2B2A853D00ED2637 /* ExerciseCounterMainView.swift in Sources */ = {isa = PBXBuildFile; fileRef = 355744192B2A853D00ED2637 /* ExerciseCounterMainView.swift */; };
		3557441C2B2A911100ED2637 /* MainCoordinatorProtocol.swift in Sources */ = {isa = PBXBuildFile; fileRef = 3557441B2B2A911100ED2637 /* MainCoordinatorProtocol.swift */; };
		3557441E2B2AA2BF00ED2637 /* ExerciseCounterCoordinatorProtocol.swift in Sources */ = {isa = PBXBuildFile; fileRef = 3557441D2B2AA2BF00ED2637 /* ExerciseCounterCoordinatorProtocol.swift */; };
		355DFB912B3DAF090025EB89 /* TargetType.swift in Sources */ = {isa = PBXBuildFile; fileRef = 355DFB902B3DAF090025EB89 /* TargetType.swift */; };
		355DFB942B3DB0AC0025EB89 /* Provider.swift in Sources */ = {isa = PBXBuildFile; fileRef = 355DFB932B3DB0AC0025EB89 /* Provider.swift */; };
		3563A7502AF085270037C029 /* AppDelegate.swift in Sources */ = {isa = PBXBuildFile; fileRef = 3563A74F2AF085270037C029 /* AppDelegate.swift */; };
		3563A7522AF085270037C029 /* SceneDelegate.swift in Sources */ = {isa = PBXBuildFile; fileRef = 3563A7512AF085270037C029 /* SceneDelegate.swift */; };
		3563A75A2AF085270037C029 /* RaiseMeUp.xcdatamodeld in Sources */ = {isa = PBXBuildFile; fileRef = 3563A7582AF085270037C029 /* RaiseMeUp.xcdatamodeld */; };
		3563A75C2AF085270037C029 /* Assets.xcassets in Resources */ = {isa = PBXBuildFile; fileRef = 3563A75B2AF085270037C029 /* Assets.xcassets */; };
		3563A75F2AF085270037C029 /* LaunchScreen.storyboard in Resources */ = {isa = PBXBuildFile; fileRef = 3563A75D2AF085270037C029 /* LaunchScreen.storyboard */; };
		3563A76A2AF085270037C029 /* RaiseMeUpTests.swift in Sources */ = {isa = PBXBuildFile; fileRef = 3563A7692AF085270037C029 /* RaiseMeUpTests.swift */; };
		3563A7742AF085270037C029 /* RaiseMeUpUITests.swift in Sources */ = {isa = PBXBuildFile; fileRef = 3563A7732AF085270037C029 /* RaiseMeUpUITests.swift */; };
		3563A7762AF085270037C029 /* RaiseMeUpUITestsLaunchTests.swift in Sources */ = {isa = PBXBuildFile; fileRef = 3563A7752AF085270037C029 /* RaiseMeUpUITestsLaunchTests.swift */; };
		356792C22B186804005B83D5 /* ProgramTableViewCellModel.swift in Sources */ = {isa = PBXBuildFile; fileRef = 356792C12B186804005B83D5 /* ProgramTableViewCellModel.swift */; };
		356792C42B186CAE005B83D5 /* ProgramTableHeaderView.swift in Sources */ = {isa = PBXBuildFile; fileRef = 356792C32B186CAE005B83D5 /* ProgramTableHeaderView.swift */; };
		3568E3242B156B230026F6FD /* MainView.swift in Sources */ = {isa = PBXBuildFile; fileRef = 3568E3232B156B230026F6FD /* MainView.swift */; };
		357A356F2B137D0000F991B6 /* KeychainManager.swift in Sources */ = {isa = PBXBuildFile; fileRef = 357A356E2B137D0000F991B6 /* KeychainManager.swift */; };
		357A35722B13803400F991B6 /* KeychainType.swift in Sources */ = {isa = PBXBuildFile; fileRef = 357A35712B13803400F991B6 /* KeychainType.swift */; };
		357A35752B13821000F991B6 /* AuthUseCase.swift in Sources */ = {isa = PBXBuildFile; fileRef = 357A35742B13821000F991B6 /* AuthUseCase.swift */; };
		357A35782B13821F00F991B6 /* Auth.swift in Sources */ = {isa = PBXBuildFile; fileRef = 357A35772B13821F00F991B6 /* Auth.swift */; };
		357A357A2B140AF000F991B6 /* KeychainError.swift in Sources */ = {isa = PBXBuildFile; fileRef = 357A35792B140AF000F991B6 /* KeychainError.swift */; };
		357A357E2B14176200F991B6 /* Coordinator.swift in Sources */ = {isa = PBXBuildFile; fileRef = 357A357D2B14176200F991B6 /* Coordinator.swift */; };
		357A35812B1417D300F991B6 /* RootCoordinator.swift in Sources */ = {isa = PBXBuildFile; fileRef = 357A35802B1417D300F991B6 /* RootCoordinator.swift */; };
		357A35832B142D3300F991B6 /* MainCoordinator.swift in Sources */ = {isa = PBXBuildFile; fileRef = 357A35822B142D3300F991B6 /* MainCoordinator.swift */; };
		357A35862B142DB800F991B6 /* RootCoordinatorProtocol.swift in Sources */ = {isa = PBXBuildFile; fileRef = 357A35852B142DB800F991B6 /* RootCoordinatorProtocol.swift */; };
		357A35882B14302C00F991B6 /* LoginCoordinatorProtocol.swift in Sources */ = {isa = PBXBuildFile; fileRef = 357A35872B14302C00F991B6 /* LoginCoordinatorProtocol.swift */; };
		357A358A2B14305500F991B6 /* CoordinatorFinishDelegate.swift in Sources */ = {isa = PBXBuildFile; fileRef = 357A35892B14305500F991B6 /* CoordinatorFinishDelegate.swift */; };
		357A358C2B1431A200F991B6 /* LoginCoordinator.swift in Sources */ = {isa = PBXBuildFile; fileRef = 357A358B2B1431A200F991B6 /* LoginCoordinator.swift */; };
		357A358E2B143A1600F991B6 /* CoordinatorType.swift in Sources */ = {isa = PBXBuildFile; fileRef = 357A358D2B143A1600F991B6 /* CoordinatorType.swift */; };
		357F1DB62B1485E4006F9CFB /* PullUpProgramDTO.swift in Sources */ = {isa = PBXBuildFile; fileRef = 357F1DB52B1485E4006F9CFB /* PullUpProgramDTO.swift */; };
		357F1DB92B14870E006F9CFB /* UITableView+Extension.swift in Sources */ = {isa = PBXBuildFile; fileRef = 357F1DB82B14870E006F9CFB /* UITableView+Extension.swift */; };
		357F1DBB2B14872D006F9CFB /* ReusableView.swift in Sources */ = {isa = PBXBuildFile; fileRef = 357F1DBA2B14872D006F9CFB /* ReusableView.swift */; };
		358673132B15B03A00AAE6C7 /* TrainingUseCase.swift in Sources */ = {isa = PBXBuildFile; fileRef = 358673122B15B03A00AAE6C7 /* TrainingUseCase.swift */; };
		358673152B15B06A00AAE6C7 /* PullUpProgram.swift in Sources */ = {isa = PBXBuildFile; fileRef = 358673142B15B06A00AAE6C7 /* PullUpProgram.swift */; };
		358673172B15B83600AAE6C7 /* Training.swift in Sources */ = {isa = PBXBuildFile; fileRef = 358673162B15B83600AAE6C7 /* Training.swift */; };
		35B0BCD62B0CEB0900F6F99B /* LoginViewController.swift in Sources */ = {isa = PBXBuildFile; fileRef = 35B0BCD52B0CEB0900F6F99B /* LoginViewController.swift */; };
		35B0BCD82B0CEB5300F6F99B /* MainViewController.swift in Sources */ = {isa = PBXBuildFile; fileRef = 35B0BCD72B0CEB5300F6F99B /* MainViewController.swift */; };
		35C90CFC2B0EC9D70055FA62 /* LoginMainView.swift in Sources */ = {isa = PBXBuildFile; fileRef = 35C90CFB2B0EC9D70055FA62 /* LoginMainView.swift */; };
		35C90D082B0ED7160055FA62 /* LoginViewModel.swift in Sources */ = {isa = PBXBuildFile; fileRef = 35C90D072B0ED7160055FA62 /* LoginViewModel.swift */; };
		35C90D0B2B0EE2A90055FA62 /* User.swift in Sources */ = {isa = PBXBuildFile; fileRef = 35C90D0A2B0EE2A90055FA62 /* User.swift */; };
		35D50EAE2B3BB4C7008BFB70 /* RestTimer.swift in Sources */ = {isa = PBXBuildFile; fileRef = 35D50EAD2B3BB4C7008BFB70 /* RestTimer.swift */; };
		35F90B712AF63171003C96D7 /* GoogleService-Info.plist in Resources */ = {isa = PBXBuildFile; fileRef = 35F90B702AF63171003C96D7 /* GoogleService-Info.plist */; };
		35F90B7B2AF6329A003C96D7 /* FirebaseAnalytics in Frameworks */ = {isa = PBXBuildFile; productRef = 35F90B7A2AF6329A003C96D7 /* FirebaseAnalytics */; };
		35F90B7D2AF6329A003C96D7 /* FirebaseAppCheck in Frameworks */ = {isa = PBXBuildFile; productRef = 35F90B7C2AF6329A003C96D7 /* FirebaseAppCheck */; };
		35F90B7F2AF6329A003C96D7 /* FirebaseCrashlytics in Frameworks */ = {isa = PBXBuildFile; productRef = 35F90B7E2AF6329A003C96D7 /* FirebaseCrashlytics */; };
		35F90B812AF6329A003C96D7 /* FirebaseFirestore in Frameworks */ = {isa = PBXBuildFile; productRef = 35F90B802AF6329A003C96D7 /* FirebaseFirestore */; };
		35F90B832AF6329A003C96D7 /* FirebaseRemoteConfig in Frameworks */ = {isa = PBXBuildFile; productRef = 35F90B822AF6329A003C96D7 /* FirebaseRemoteConfig */; };
/* End PBXBuildFile section */

/* Begin PBXContainerItemProxy section */
		3563A7662AF085270037C029 /* PBXContainerItemProxy */ = {
			isa = PBXContainerItemProxy;
			containerPortal = 3563A7442AF085270037C029 /* Project object */;
			proxyType = 1;
			remoteGlobalIDString = 3563A74B2AF085270037C029;
			remoteInfo = RaiseMeUp;
		};
		3563A7702AF085270037C029 /* PBXContainerItemProxy */ = {
			isa = PBXContainerItemProxy;
			containerPortal = 3563A7442AF085270037C029 /* Project object */;
			proxyType = 1;
			remoteGlobalIDString = 3563A74B2AF085270037C029;
			remoteInfo = RaiseMeUp;
		};
/* End PBXContainerItemProxy section */

/* Begin PBXFileReference section */
		350A4B9A2B1FF3EA009E988C /* OSLog+Extension.swift */ = {isa = PBXFileReference; lastKnownFileType = sourcecode.swift; path = "OSLog+Extension.swift"; sourceTree = "<group>"; };
		350A4B9C2B1FF5D2009E988C /* ErrorTableViewCell.swift */ = {isa = PBXFileReference; lastKnownFileType = sourcecode.swift; path = ErrorTableViewCell.swift; sourceTree = "<group>"; };
		350FCFA82B15BB2F00B4738A /* TrainingRepositoryProtocol.swift */ = {isa = PBXFileReference; lastKnownFileType = sourcecode.swift; path = TrainingRepositoryProtocol.swift; sourceTree = "<group>"; };
		350FCFAA2B15C65F00B4738A /* TrainingRepository.swift */ = {isa = PBXFileReference; lastKnownFileType = sourcecode.swift; path = TrainingRepository.swift; sourceTree = "<group>"; };
		350FCFAD2B15C6BE00B4738A /* TrainingDataSourceProtocol.swift */ = {isa = PBXFileReference; lastKnownFileType = sourcecode.swift; path = TrainingDataSourceProtocol.swift; sourceTree = "<group>"; };
		350FCFAF2B15C74800B4738A /* TrainingDataSource.swift */ = {isa = PBXFileReference; lastKnownFileType = sourcecode.swift; path = TrainingDataSource.swift; sourceTree = "<group>"; };
		350FCFB12B15C93500B4738A /* MainViewModel.swift */ = {isa = PBXFileReference; lastKnownFileType = sourcecode.swift; path = MainViewModel.swift; sourceTree = "<group>"; };
		350FCFB32B15CCDA00B4738A /* ProgramTableViewCell.swift */ = {isa = PBXFileReference; lastKnownFileType = sourcecode.swift; path = ProgramTableViewCell.swift; sourceTree = "<group>"; };
		351871AC2B20348500E79C4F /* Localizable.xcstrings */ = {isa = PBXFileReference; lastKnownFileType = text.json.xcstrings; path = Localizable.xcstrings; sourceTree = "<group>"; };
		351871AE2B2034EB00E79C4F /* ko-KR */ = {isa = PBXFileReference; lastKnownFileType = text.plist.strings; name = "ko-KR"; path = "ko-KR.lproj/LaunchScreen.strings"; sourceTree = "<group>"; };
		3557440C2B2A7DBB00ED2637 /* ExerciseCounterPresenter.swift */ = {isa = PBXFileReference; lastKnownFileType = sourcecode.swift; path = ExerciseCounterPresenter.swift; sourceTree = "<group>"; };
		3557440D2B2A7DBB00ED2637 /* ExerciseCounterWorker.swift */ = {isa = PBXFileReference; lastKnownFileType = sourcecode.swift; path = ExerciseCounterWorker.swift; sourceTree = "<group>"; };
		3557440E2B2A7DBB00ED2637 /* ExerciseCounterRouter.swift */ = {isa = PBXFileReference; lastKnownFileType = sourcecode.swift; path = ExerciseCounterRouter.swift; sourceTree = "<group>"; };
		3557440F2B2A7DBB00ED2637 /* ExerciseCounterModels.swift */ = {isa = PBXFileReference; lastKnownFileType = sourcecode.swift; path = ExerciseCounterModels.swift; sourceTree = "<group>"; };
		355744102B2A7DBB00ED2637 /* ExerciseCounterViewController.swift */ = {isa = PBXFileReference; lastKnownFileType = sourcecode.swift; path = ExerciseCounterViewController.swift; sourceTree = "<group>"; };
		355744112B2A7DBB00ED2637 /* ExerciseCounterInteractor.swift */ = {isa = PBXFileReference; lastKnownFileType = sourcecode.swift; path = ExerciseCounterInteractor.swift; sourceTree = "<group>"; };
		355744192B2A853D00ED2637 /* ExerciseCounterMainView.swift */ = {isa = PBXFileReference; lastKnownFileType = sourcecode.swift; path = ExerciseCounterMainView.swift; sourceTree = "<group>"; };
		3557441B2B2A911100ED2637 /* MainCoordinatorProtocol.swift */ = {isa = PBXFileReference; lastKnownFileType = sourcecode.swift; path = MainCoordinatorProtocol.swift; sourceTree = "<group>"; };
		3557441D2B2AA2BF00ED2637 /* ExerciseCounterCoordinatorProtocol.swift */ = {isa = PBXFileReference; lastKnownFileType = sourcecode.swift; path = ExerciseCounterCoordinatorProtocol.swift; sourceTree = "<group>"; };
		355DFB902B3DAF090025EB89 /* TargetType.swift */ = {isa = PBXFileReference; lastKnownFileType = sourcecode.swift; path = TargetType.swift; sourceTree = "<group>"; };
		355DFB932B3DB0AC0025EB89 /* Provider.swift */ = {isa = PBXFileReference; lastKnownFileType = sourcecode.swift; path = Provider.swift; sourceTree = "<group>"; };
		3563A74C2AF085270037C029 /* RaiseMeUp.app */ = {isa = PBXFileReference; explicitFileType = wrapper.application; includeInIndex = 0; path = RaiseMeUp.app; sourceTree = BUILT_PRODUCTS_DIR; };
		3563A74F2AF085270037C029 /* AppDelegate.swift */ = {isa = PBXFileReference; lastKnownFileType = sourcecode.swift; path = AppDelegate.swift; sourceTree = "<group>"; };
		3563A7512AF085270037C029 /* SceneDelegate.swift */ = {isa = PBXFileReference; lastKnownFileType = sourcecode.swift; path = SceneDelegate.swift; sourceTree = "<group>"; };
		3563A7592AF085270037C029 /* RaiseMeUp.xcdatamodel */ = {isa = PBXFileReference; lastKnownFileType = wrapper.xcdatamodel; path = RaiseMeUp.xcdatamodel; sourceTree = "<group>"; };
		3563A75B2AF085270037C029 /* Assets.xcassets */ = {isa = PBXFileReference; lastKnownFileType = folder.assetcatalog; path = Assets.xcassets; sourceTree = "<group>"; };
		3563A75E2AF085270037C029 /* Base */ = {isa = PBXFileReference; lastKnownFileType = file.storyboard; name = Base; path = Base.lproj/LaunchScreen.storyboard; sourceTree = "<group>"; };
		3563A7602AF085270037C029 /* Info.plist */ = {isa = PBXFileReference; lastKnownFileType = text.plist.xml; path = Info.plist; sourceTree = "<group>"; };
		3563A7652AF085270037C029 /* RaiseMeUpTests.xctest */ = {isa = PBXFileReference; explicitFileType = wrapper.cfbundle; includeInIndex = 0; path = RaiseMeUpTests.xctest; sourceTree = BUILT_PRODUCTS_DIR; };
		3563A7692AF085270037C029 /* RaiseMeUpTests.swift */ = {isa = PBXFileReference; lastKnownFileType = sourcecode.swift; path = RaiseMeUpTests.swift; sourceTree = "<group>"; };
		3563A76F2AF085270037C029 /* RaiseMeUpUITests.xctest */ = {isa = PBXFileReference; explicitFileType = wrapper.cfbundle; includeInIndex = 0; path = RaiseMeUpUITests.xctest; sourceTree = BUILT_PRODUCTS_DIR; };
		3563A7732AF085270037C029 /* RaiseMeUpUITests.swift */ = {isa = PBXFileReference; lastKnownFileType = sourcecode.swift; path = RaiseMeUpUITests.swift; sourceTree = "<group>"; };
		3563A7752AF085270037C029 /* RaiseMeUpUITestsLaunchTests.swift */ = {isa = PBXFileReference; lastKnownFileType = sourcecode.swift; path = RaiseMeUpUITestsLaunchTests.swift; sourceTree = "<group>"; };
		356792C12B186804005B83D5 /* ProgramTableViewCellModel.swift */ = {isa = PBXFileReference; lastKnownFileType = sourcecode.swift; path = ProgramTableViewCellModel.swift; sourceTree = "<group>"; };
		356792C32B186CAE005B83D5 /* ProgramTableHeaderView.swift */ = {isa = PBXFileReference; lastKnownFileType = sourcecode.swift; path = ProgramTableHeaderView.swift; sourceTree = "<group>"; };
		3568E3232B156B230026F6FD /* MainView.swift */ = {isa = PBXFileReference; lastKnownFileType = sourcecode.swift; path = MainView.swift; sourceTree = "<group>"; };
		357A356E2B137D0000F991B6 /* KeychainManager.swift */ = {isa = PBXFileReference; lastKnownFileType = sourcecode.swift; path = KeychainManager.swift; sourceTree = "<group>"; };
		357A35712B13803400F991B6 /* KeychainType.swift */ = {isa = PBXFileReference; lastKnownFileType = sourcecode.swift; path = KeychainType.swift; sourceTree = "<group>"; };
		357A35742B13821000F991B6 /* AuthUseCase.swift */ = {isa = PBXFileReference; lastKnownFileType = sourcecode.swift; path = AuthUseCase.swift; sourceTree = "<group>"; };
		357A35772B13821F00F991B6 /* Auth.swift */ = {isa = PBXFileReference; lastKnownFileType = sourcecode.swift; path = Auth.swift; sourceTree = "<group>"; };
		357A35792B140AF000F991B6 /* KeychainError.swift */ = {isa = PBXFileReference; lastKnownFileType = sourcecode.swift; path = KeychainError.swift; sourceTree = "<group>"; };
		357A357D2B14176200F991B6 /* Coordinator.swift */ = {isa = PBXFileReference; lastKnownFileType = sourcecode.swift; path = Coordinator.swift; sourceTree = "<group>"; };
		357A35802B1417D300F991B6 /* RootCoordinator.swift */ = {isa = PBXFileReference; lastKnownFileType = sourcecode.swift; path = RootCoordinator.swift; sourceTree = "<group>"; };
		357A35822B142D3300F991B6 /* MainCoordinator.swift */ = {isa = PBXFileReference; lastKnownFileType = sourcecode.swift; path = MainCoordinator.swift; sourceTree = "<group>"; };
		357A35852B142DB800F991B6 /* RootCoordinatorProtocol.swift */ = {isa = PBXFileReference; lastKnownFileType = sourcecode.swift; path = RootCoordinatorProtocol.swift; sourceTree = "<group>"; };
		357A35872B14302C00F991B6 /* LoginCoordinatorProtocol.swift */ = {isa = PBXFileReference; lastKnownFileType = sourcecode.swift; path = LoginCoordinatorProtocol.swift; sourceTree = "<group>"; };
		357A35892B14305500F991B6 /* CoordinatorFinishDelegate.swift */ = {isa = PBXFileReference; lastKnownFileType = sourcecode.swift; path = CoordinatorFinishDelegate.swift; sourceTree = "<group>"; };
		357A358B2B1431A200F991B6 /* LoginCoordinator.swift */ = {isa = PBXFileReference; lastKnownFileType = sourcecode.swift; path = LoginCoordinator.swift; sourceTree = "<group>"; };
		357A358D2B143A1600F991B6 /* CoordinatorType.swift */ = {isa = PBXFileReference; lastKnownFileType = sourcecode.swift; path = CoordinatorType.swift; sourceTree = "<group>"; };
		357F1DB52B1485E4006F9CFB /* PullUpProgramDTO.swift */ = {isa = PBXFileReference; lastKnownFileType = sourcecode.swift; path = PullUpProgramDTO.swift; sourceTree = "<group>"; };
		357F1DB82B14870E006F9CFB /* UITableView+Extension.swift */ = {isa = PBXFileReference; lastKnownFileType = sourcecode.swift; path = "UITableView+Extension.swift"; sourceTree = "<group>"; };
		357F1DBA2B14872D006F9CFB /* ReusableView.swift */ = {isa = PBXFileReference; lastKnownFileType = sourcecode.swift; path = ReusableView.swift; sourceTree = "<group>"; };
		358673122B15B03A00AAE6C7 /* TrainingUseCase.swift */ = {isa = PBXFileReference; lastKnownFileType = sourcecode.swift; path = TrainingUseCase.swift; sourceTree = "<group>"; };
		358673142B15B06A00AAE6C7 /* PullUpProgram.swift */ = {isa = PBXFileReference; lastKnownFileType = sourcecode.swift; path = PullUpProgram.swift; sourceTree = "<group>"; };
		358673162B15B83600AAE6C7 /* Training.swift */ = {isa = PBXFileReference; lastKnownFileType = sourcecode.swift; path = Training.swift; sourceTree = "<group>"; };
		35B0BCD52B0CEB0900F6F99B /* LoginViewController.swift */ = {isa = PBXFileReference; lastKnownFileType = sourcecode.swift; path = LoginViewController.swift; sourceTree = "<group>"; };
		35B0BCD72B0CEB5300F6F99B /* MainViewController.swift */ = {isa = PBXFileReference; lastKnownFileType = sourcecode.swift; path = MainViewController.swift; sourceTree = "<group>"; };
		35B0BCD92B0CEE8000F6F99B /* RaiseMeUp.entitlements */ = {isa = PBXFileReference; lastKnownFileType = text.plist.entitlements; path = RaiseMeUp.entitlements; sourceTree = "<group>"; };
		35C90CFB2B0EC9D70055FA62 /* LoginMainView.swift */ = {isa = PBXFileReference; lastKnownFileType = sourcecode.swift; path = LoginMainView.swift; sourceTree = "<group>"; };
		35C90D072B0ED7160055FA62 /* LoginViewModel.swift */ = {isa = PBXFileReference; lastKnownFileType = sourcecode.swift; path = LoginViewModel.swift; sourceTree = "<group>"; };
		35C90D0A2B0EE2A90055FA62 /* User.swift */ = {isa = PBXFileReference; lastKnownFileType = sourcecode.swift; path = User.swift; sourceTree = "<group>"; };
		35D50EAD2B3BB4C7008BFB70 /* RestTimer.swift */ = {isa = PBXFileReference; lastKnownFileType = sourcecode.swift; path = RestTimer.swift; sourceTree = "<group>"; };
		35F90B702AF63171003C96D7 /* GoogleService-Info.plist */ = {isa = PBXFileReference; fileEncoding = 4; lastKnownFileType = text.plist.xml; path = "GoogleService-Info.plist"; sourceTree = "<group>"; };
/* End PBXFileReference section */

/* Begin PBXFrameworksBuildPhase section */
		3563A7492AF085270037C029 /* Frameworks */ = {
			isa = PBXFrameworksBuildPhase;
			buildActionMask = 2147483647;
			files = (
				35F90B7F2AF6329A003C96D7 /* FirebaseCrashlytics in Frameworks */,
				35F90B812AF6329A003C96D7 /* FirebaseFirestore in Frameworks */,
				35F90B7D2AF6329A003C96D7 /* FirebaseAppCheck in Frameworks */,
				35F90B7B2AF6329A003C96D7 /* FirebaseAnalytics in Frameworks */,
				35F90B832AF6329A003C96D7 /* FirebaseRemoteConfig in Frameworks */,
			);
			runOnlyForDeploymentPostprocessing = 0;
		};
		3563A7622AF085270037C029 /* Frameworks */ = {
			isa = PBXFrameworksBuildPhase;
			buildActionMask = 2147483647;
			files = (
			);
			runOnlyForDeploymentPostprocessing = 0;
		};
		3563A76C2AF085270037C029 /* Frameworks */ = {
			isa = PBXFrameworksBuildPhase;
			buildActionMask = 2147483647;
			files = (
			);
			runOnlyForDeploymentPostprocessing = 0;
		};
/* End PBXFrameworksBuildPhase section */

/* Begin PBXGroup section */
		350FCFA72B15BAE600B4738A /* Local */ = {
			isa = PBXGroup;
			children = (
				350FCFAC2B15C6B400B4738A /* Protocol */,
				350FCFAF2B15C74800B4738A /* TrainingDataSource.swift */,
			);
			path = Local;
			sourceTree = "<group>";
		};
		350FCFAC2B15C6B400B4738A /* Protocol */ = {
			isa = PBXGroup;
			children = (
				350FCFAD2B15C6BE00B4738A /* TrainingDataSourceProtocol.swift */,
			);
			path = Protocol;
			sourceTree = "<group>";
		};
		350FCFB52B15CDDF00B4738A /* View */ = {
			isa = PBXGroup;
			children = (
				3568E3232B156B230026F6FD /* MainView.swift */,
				350FCFB32B15CCDA00B4738A /* ProgramTableViewCell.swift */,
				356792C12B186804005B83D5 /* ProgramTableViewCellModel.swift */,
				356792C32B186CAE005B83D5 /* ProgramTableHeaderView.swift */,
			);
			path = View;
			sourceTree = "<group>";
		};
		3557440B2B2A7CB700ED2637 /* ExerciseCounter */ = {
			isa = PBXGroup;
			children = (
				35D50EAD2B3BB4C7008BFB70 /* RestTimer.swift */,
				355744182B2A852200ED2637 /* View */,
				3557440C2B2A7DBB00ED2637 /* ExerciseCounterPresenter.swift */,
				3557440D2B2A7DBB00ED2637 /* ExerciseCounterWorker.swift */,
				3557440E2B2A7DBB00ED2637 /* ExerciseCounterRouter.swift */,
				3557440F2B2A7DBB00ED2637 /* ExerciseCounterModels.swift */,
				355744102B2A7DBB00ED2637 /* ExerciseCounterViewController.swift */,
				355744112B2A7DBB00ED2637 /* ExerciseCounterInteractor.swift */,
			);
			path = ExerciseCounter;
			sourceTree = "<group>";
		};
		355744182B2A852200ED2637 /* View */ = {
			isa = PBXGroup;
			children = (
				355744192B2A853D00ED2637 /* ExerciseCounterMainView.swift */,
			);
			path = View;
			sourceTree = "<group>";
		};
		355DFB8F2B3D9F4A0025EB89 /* Network */ = {
			isa = PBXGroup;
			children = (
				355DFB902B3DAF090025EB89 /* TargetType.swift */,
				355DFB932B3DB0AC0025EB89 /* Provider.swift */,
			);
			path = Network;
			sourceTree = "<group>";
		};
		3563A7432AF085270037C029 = {
			isa = PBXGroup;
			children = (
				3563A74E2AF085270037C029 /* RaiseMeUp */,
				3563A7682AF085270037C029 /* RaiseMeUpTests */,
				3563A7722AF085270037C029 /* RaiseMeUpUITests */,
				3563A74D2AF085270037C029 /* Products */,
			);
			sourceTree = "<group>";
		};
		3563A74D2AF085270037C029 /* Products */ = {
			isa = PBXGroup;
			children = (
				3563A74C2AF085270037C029 /* RaiseMeUp.app */,
				3563A7652AF085270037C029 /* RaiseMeUpTests.xctest */,
				3563A76F2AF085270037C029 /* RaiseMeUpUITests.xctest */,
			);
			name = Products;
			sourceTree = "<group>";
		};
		3563A74E2AF085270037C029 /* RaiseMeUp */ = {
			isa = PBXGroup;
			children = (
				35B0BCD92B0CEE8000F6F99B /* RaiseMeUp.entitlements */,
				35F90B6C2AF624D6003C96D7 /* Resources */,
				35F90B6E2AF62579003C96D7 /* Sources */,
			);
			path = RaiseMeUp;
			sourceTree = "<group>";
		};
		3563A7682AF085270037C029 /* RaiseMeUpTests */ = {
			isa = PBXGroup;
			children = (
				3563A7692AF085270037C029 /* RaiseMeUpTests.swift */,
			);
			path = RaiseMeUpTests;
			sourceTree = "<group>";
		};
		3563A7722AF085270037C029 /* RaiseMeUpUITests */ = {
			isa = PBXGroup;
			children = (
				3563A7732AF085270037C029 /* RaiseMeUpUITests.swift */,
				3563A7752AF085270037C029 /* RaiseMeUpUITestsLaunchTests.swift */,
			);
			path = RaiseMeUpUITests;
			sourceTree = "<group>";
		};
		357A356D2B137CF100F991B6 /* Manager */ = {
			isa = PBXGroup;
			children = (
				357A356E2B137D0000F991B6 /* KeychainManager.swift */,
			);
			path = Manager;
			sourceTree = "<group>";
		};
		357A35702B13802200F991B6 /* Constant */ = {
			isa = PBXGroup;
			children = (
				357A35712B13803400F991B6 /* KeychainType.swift */,
				357A35792B140AF000F991B6 /* KeychainError.swift */,
				357F1DBA2B14872D006F9CFB /* ReusableView.swift */,
			);
			path = Constant;
			sourceTree = "<group>";
		};
		357A35732B1381FA00F991B6 /* Auth */ = {
			isa = PBXGroup;
			children = (
				357A35762B13821700F991B6 /* Protocol */,
				357A35772B13821F00F991B6 /* Auth.swift */,
			);
			path = Auth;
			sourceTree = "<group>";
		};
		357A35762B13821700F991B6 /* Protocol */ = {
			isa = PBXGroup;
			children = (
				357A35742B13821000F991B6 /* AuthUseCase.swift */,
			);
			path = Protocol;
			sourceTree = "<group>";
		};
		357A357F2B1417B100F991B6 /* Coordinator */ = {
			isa = PBXGroup;
			children = (
				357A35842B142DA600F991B6 /* Protocol */,
				357A35802B1417D300F991B6 /* RootCoordinator.swift */,
				357A358B2B1431A200F991B6 /* LoginCoordinator.swift */,
				357A35822B142D3300F991B6 /* MainCoordinator.swift */,
			);
			path = Coordinator;
			sourceTree = "<group>";
		};
		357A35842B142DA600F991B6 /* Protocol */ = {
			isa = PBXGroup;
			children = (
				357A35852B142DB800F991B6 /* RootCoordinatorProtocol.swift */,
				357A35872B14302C00F991B6 /* LoginCoordinatorProtocol.swift */,
				3557441B2B2A911100ED2637 /* MainCoordinatorProtocol.swift */,
				3557441D2B2AA2BF00ED2637 /* ExerciseCounterCoordinatorProtocol.swift */,
			);
			path = Protocol;
			sourceTree = "<group>";
		};
		357F1DB72B1486FF006F9CFB /* Extension */ = {
			isa = PBXGroup;
			children = (
				350A4B9A2B1FF3EA009E988C /* OSLog+Extension.swift */,
				357F1DB82B14870E006F9CFB /* UITableView+Extension.swift */,
				350A4B9C2B1FF5D2009E988C /* ErrorTableViewCell.swift */,
			);
			path = Extension;
			sourceTree = "<group>";
		};
		358673102B15B01E00AAE6C7 /* Program */ = {
			isa = PBXGroup;
			children = (
				358673112B15B02A00AAE6C7 /* Protocol */,
				358673162B15B83600AAE6C7 /* Training.swift */,
			);
			path = Program;
			sourceTree = "<group>";
		};
		358673112B15B02A00AAE6C7 /* Protocol */ = {
			isa = PBXGroup;
			children = (
				358673122B15B03A00AAE6C7 /* TrainingUseCase.swift */,
			);
			path = Protocol;
			sourceTree = "<group>";
		};
		35B0BCD32B0CEA9700F6F99B /* Root */ = {
			isa = PBXGroup;
			children = (
				35B0BCD42B0CEAAB00F6F99B /* Login */,
			);
			path = Root;
			sourceTree = "<group>";
		};
		35B0BCD42B0CEAAB00F6F99B /* Login */ = {
			isa = PBXGroup;
			children = (
				35B0BCD52B0CEB0900F6F99B /* LoginViewController.swift */,
				35C90CFB2B0EC9D70055FA62 /* LoginMainView.swift */,
				35C90D072B0ED7160055FA62 /* LoginViewModel.swift */,
			);
			path = Login;
			sourceTree = "<group>";
		};
		35C90CFD2B0ED4E60055FA62 /* Features */ = {
			isa = PBXGroup;
			children = (
				357A357F2B1417B100F991B6 /* Coordinator */,
				35B0BCD32B0CEA9700F6F99B /* Root */,
				35F90B6F2AF62697003C96D7 /* Main */,
				3557440B2B2A7CB700ED2637 /* ExerciseCounter */,
			);
			path = Features;
			sourceTree = "<group>";
		};
		35C90CFE2B0ED5010055FA62 /* Domain */ = {
			isa = PBXGroup;
			children = (
				35C90D042B0ED5A70055FA62 /* Entities */,
				35C90D052B0ED5B30055FA62 /* RepositoryProtocol */,
				35C90D062B0ED5DD0055FA62 /* UseCase */,
			);
			path = Domain;
			sourceTree = "<group>";
		};
		35C90CFF2B0ED51E0055FA62 /* Data */ = {
			isa = PBXGroup;
			children = (
				35C90D012B0ED5520055FA62 /* DataMapping */,
				35C90D022B0ED55A0055FA62 /* DataSources */,
				35C90D032B0ED5730055FA62 /* Repository */,
			);
			path = Data;
			sourceTree = "<group>";
		};
		35C90D002B0ED5250055FA62 /* Core */ = {
			isa = PBXGroup;
			children = (
				357F1DB72B1486FF006F9CFB /* Extension */,
				357A35702B13802200F991B6 /* Constant */,
				357A356D2B137CF100F991B6 /* Manager */,
				35C90D092B0EDBB90055FA62 /* Protocol */,
			);
			path = Core;
			sourceTree = "<group>";
		};
		35C90D012B0ED5520055FA62 /* DataMapping */ = {
			isa = PBXGroup;
			children = (
				357F1DB52B1485E4006F9CFB /* PullUpProgramDTO.swift */,
			);
			path = DataMapping;
			sourceTree = "<group>";
		};
		35C90D022B0ED55A0055FA62 /* DataSources */ = {
			isa = PBXGroup;
			children = (
				350FCFA72B15BAE600B4738A /* Local */,
			);
			path = DataSources;
			sourceTree = "<group>";
		};
		35C90D032B0ED5730055FA62 /* Repository */ = {
			isa = PBXGroup;
			children = (
				350FCFAA2B15C65F00B4738A /* TrainingRepository.swift */,
			);
			path = Repository;
			sourceTree = "<group>";
		};
		35C90D042B0ED5A70055FA62 /* Entities */ = {
			isa = PBXGroup;
			children = (
				35C90D0A2B0EE2A90055FA62 /* User.swift */,
				358673142B15B06A00AAE6C7 /* PullUpProgram.swift */,
			);
			path = Entities;
			sourceTree = "<group>";
		};
		35C90D052B0ED5B30055FA62 /* RepositoryProtocol */ = {
			isa = PBXGroup;
			children = (
				350FCFA82B15BB2F00B4738A /* TrainingRepositoryProtocol.swift */,
			);
			path = RepositoryProtocol;
			sourceTree = "<group>";
		};
		35C90D062B0ED5DD0055FA62 /* UseCase */ = {
			isa = PBXGroup;
			children = (
				357A35732B1381FA00F991B6 /* Auth */,
				358673102B15B01E00AAE6C7 /* Program */,
			);
			path = UseCase;
			sourceTree = "<group>";
		};
		35C90D092B0EDBB90055FA62 /* Protocol */ = {
			isa = PBXGroup;
			children = (
				357A357D2B14176200F991B6 /* Coordinator.swift */,
				357A35892B14305500F991B6 /* CoordinatorFinishDelegate.swift */,
				357A358D2B143A1600F991B6 /* CoordinatorType.swift */,
			);
			path = Protocol;
			sourceTree = "<group>";
		};
		35F90B6C2AF624D6003C96D7 /* Resources */ = {
			isa = PBXGroup;
			children = (
				3563A7582AF085270037C029 /* RaiseMeUp.xcdatamodeld */,
				3563A75B2AF085270037C029 /* Assets.xcassets */,
				3563A75D2AF085270037C029 /* LaunchScreen.storyboard */,
				35F90B702AF63171003C96D7 /* GoogleService-Info.plist */,
				3563A7602AF085270037C029 /* Info.plist */,
				351871AC2B20348500E79C4F /* Localizable.xcstrings */,
			);
			path = Resources;
			sourceTree = "<group>";
		};
		35F90B6D2AF62566003C96D7 /* Application */ = {
			isa = PBXGroup;
			children = (
				3563A74F2AF085270037C029 /* AppDelegate.swift */,
				3563A7512AF085270037C029 /* SceneDelegate.swift */,
			);
			path = Application;
			sourceTree = "<group>";
		};
		35F90B6E2AF62579003C96D7 /* Sources */ = {
			isa = PBXGroup;
			children = (
				355DFB8F2B3D9F4A0025EB89 /* Network */,
				35F90B6D2AF62566003C96D7 /* Application */,
				35C90D002B0ED5250055FA62 /* Core */,
				35C90CFF2B0ED51E0055FA62 /* Data */,
				35C90CFE2B0ED5010055FA62 /* Domain */,
				35C90CFD2B0ED4E60055FA62 /* Features */,
			);
			path = Sources;
			sourceTree = "<group>";
		};
		35F90B6F2AF62697003C96D7 /* Main */ = {
			isa = PBXGroup;
			children = (
				350FCFB52B15CDDF00B4738A /* View */,
				35B0BCD72B0CEB5300F6F99B /* MainViewController.swift */,
				350FCFB12B15C93500B4738A /* MainViewModel.swift */,
			);
			path = Main;
			sourceTree = "<group>";
		};
/* End PBXGroup section */

/* Begin PBXNativeTarget section */
		3563A74B2AF085270037C029 /* RaiseMeUp */ = {
			isa = PBXNativeTarget;
			buildConfigurationList = 3563A7792AF085270037C029 /* Build configuration list for PBXNativeTarget "RaiseMeUp" */;
			buildPhases = (
				3563A7482AF085270037C029 /* Sources */,
				3563A7492AF085270037C029 /* Frameworks */,
				3563A74A2AF085270037C029 /* Resources */,
				35F90B842AF6335C003C96D7 /* Firebase Crashlytics */,
			);
			buildRules = (
			);
			dependencies = (
			);
			name = RaiseMeUp;
			packageProductDependencies = (
				35F90B7A2AF6329A003C96D7 /* FirebaseAnalytics */,
				35F90B7C2AF6329A003C96D7 /* FirebaseAppCheck */,
				35F90B7E2AF6329A003C96D7 /* FirebaseCrashlytics */,
				35F90B802AF6329A003C96D7 /* FirebaseFirestore */,
				35F90B822AF6329A003C96D7 /* FirebaseRemoteConfig */,
			);
			productName = RaiseMeUp;
			productReference = 3563A74C2AF085270037C029 /* RaiseMeUp.app */;
			productType = "com.apple.product-type.application";
		};
		3563A7642AF085270037C029 /* RaiseMeUpTests */ = {
			isa = PBXNativeTarget;
			buildConfigurationList = 3563A77C2AF085270037C029 /* Build configuration list for PBXNativeTarget "RaiseMeUpTests" */;
			buildPhases = (
				3563A7612AF085270037C029 /* Sources */,
				3563A7622AF085270037C029 /* Frameworks */,
				3563A7632AF085270037C029 /* Resources */,
			);
			buildRules = (
			);
			dependencies = (
				3563A7672AF085270037C029 /* PBXTargetDependency */,
			);
			name = RaiseMeUpTests;
			productName = RaiseMeUpTests;
			productReference = 3563A7652AF085270037C029 /* RaiseMeUpTests.xctest */;
			productType = "com.apple.product-type.bundle.unit-test";
		};
		3563A76E2AF085270037C029 /* RaiseMeUpUITests */ = {
			isa = PBXNativeTarget;
			buildConfigurationList = 3563A77F2AF085270037C029 /* Build configuration list for PBXNativeTarget "RaiseMeUpUITests" */;
			buildPhases = (
				3563A76B2AF085270037C029 /* Sources */,
				3563A76C2AF085270037C029 /* Frameworks */,
				3563A76D2AF085270037C029 /* Resources */,
			);
			buildRules = (
			);
			dependencies = (
				3563A7712AF085270037C029 /* PBXTargetDependency */,
			);
			name = RaiseMeUpUITests;
			productName = RaiseMeUpUITests;
			productReference = 3563A76F2AF085270037C029 /* RaiseMeUpUITests.xctest */;
			productType = "com.apple.product-type.bundle.ui-testing";
		};
/* End PBXNativeTarget section */

/* Begin PBXProject section */
		3563A7442AF085270037C029 /* Project object */ = {
			isa = PBXProject;
			attributes = {
				BuildIndependentTargetsInParallel = 1;
				LastSwiftUpdateCheck = 1430;
				LastUpgradeCheck = 1430;
				TargetAttributes = {
					3563A74B2AF085270037C029 = {
						CreatedOnToolsVersion = 14.3.1;
					};
					3563A7642AF085270037C029 = {
						CreatedOnToolsVersion = 14.3.1;
						TestTargetID = 3563A74B2AF085270037C029;
					};
					3563A76E2AF085270037C029 = {
						CreatedOnToolsVersion = 14.3.1;
						TestTargetID = 3563A74B2AF085270037C029;
					};
				};
			};
			buildConfigurationList = 3563A7472AF085270037C029 /* Build configuration list for PBXProject "RaiseMeUp" */;
			compatibilityVersion = "Xcode 14.0";
			developmentRegion = en;
			hasScannedForEncodings = 0;
			knownRegions = (
				en,
				Base,
				"ko-KR",
			);
			mainGroup = 3563A7432AF085270037C029;
			packageReferences = (
				35F90B792AF6329A003C96D7 /* XCRemoteSwiftPackageReference "firebase-ios-sdk" */,
			);
			productRefGroup = 3563A74D2AF085270037C029 /* Products */;
			projectDirPath = "";
			projectRoot = "";
			targets = (
				3563A74B2AF085270037C029 /* RaiseMeUp */,
				3563A7642AF085270037C029 /* RaiseMeUpTests */,
				3563A76E2AF085270037C029 /* RaiseMeUpUITests */,
			);
		};
/* End PBXProject section */

/* Begin PBXResourcesBuildPhase section */
		3563A74A2AF085270037C029 /* Resources */ = {
			isa = PBXResourcesBuildPhase;
			buildActionMask = 2147483647;
			files = (
				3563A75F2AF085270037C029 /* LaunchScreen.storyboard in Resources */,
				351871AD2B20348500E79C4F /* Localizable.xcstrings in Resources */,
				35F90B712AF63171003C96D7 /* GoogleService-Info.plist in Resources */,
				3563A75C2AF085270037C029 /* Assets.xcassets in Resources */,
			);
			runOnlyForDeploymentPostprocessing = 0;
		};
		3563A7632AF085270037C029 /* Resources */ = {
			isa = PBXResourcesBuildPhase;
			buildActionMask = 2147483647;
			files = (
			);
			runOnlyForDeploymentPostprocessing = 0;
		};
		3563A76D2AF085270037C029 /* Resources */ = {
			isa = PBXResourcesBuildPhase;
			buildActionMask = 2147483647;
			files = (
			);
			runOnlyForDeploymentPostprocessing = 0;
		};
/* End PBXResourcesBuildPhase section */

/* Begin PBXShellScriptBuildPhase section */
		35F90B842AF6335C003C96D7 /* Firebase Crashlytics */ = {
			isa = PBXShellScriptBuildPhase;
			alwaysOutOfDate = 1;
			buildActionMask = 2147483647;
			files = (
			);
			inputFileListPaths = (
			);
			inputPaths = (
				"$(SRCROOT)/${DWARF_DSYM_FOLDER_PATH}/${DWARF_DSYM_FILE_NAME}",
				"$(SRCROOT)/${DWARF_DSYM_FOLDER_PATH}/${DWARF_DSYM_FILE_NAME}/Contents/Resources/DWARF/${PRODUCT_NAME}",
				"$(SRCROOT)/${DWARF_DSYM_FOLDER_PATH}/${DWARF_DSYM_FILE_NAME}/Contents/Info.plist",
				"$(SRCROOT)/$(TARGET_BUILD_DIR)/$(UNLOCALIZED_RESOURCES_FOLDER_PATH)/GoogleService-Info.plist",
				"$(SRCROOT)/$(TARGET_BUILD_DIR)/$(EXECUTABLE_PATH)",
			);
			name = "Firebase Crashlytics";
			outputFileListPaths = (
			);
			outputPaths = (
			);
			runOnlyForDeploymentPostprocessing = 0;
			shellPath = /bin/sh;
			shellScript = "\"${BUILD_DIR%/Build/*}/SourcePackages/checkouts/firebase-ios-sdk/Crashlytics/run\"\n";
		};
/* End PBXShellScriptBuildPhase section */

/* Begin PBXSourcesBuildPhase section */
		3563A7482AF085270037C029 /* Sources */ = {
			isa = PBXSourcesBuildPhase;
			buildActionMask = 2147483647;
			files = (
				355744132B2A7DBB00ED2637 /* ExerciseCounterWorker.swift in Sources */,
				350A4B9B2B1FF3EA009E988C /* OSLog+Extension.swift in Sources */,
				357A35752B13821000F991B6 /* AuthUseCase.swift in Sources */,
				350A4B9D2B1FF5D2009E988C /* ErrorTableViewCell.swift in Sources */,
				3563A75A2AF085270037C029 /* RaiseMeUp.xcdatamodeld in Sources */,
				357A358C2B1431A200F991B6 /* LoginCoordinator.swift in Sources */,
				355744122B2A7DBB00ED2637 /* ExerciseCounterPresenter.swift in Sources */,
				3568E3242B156B230026F6FD /* MainView.swift in Sources */,
				35D50EAE2B3BB4C7008BFB70 /* RestTimer.swift in Sources */,
				357F1DBB2B14872D006F9CFB /* ReusableView.swift in Sources */,
				358673152B15B06A00AAE6C7 /* PullUpProgram.swift in Sources */,
				3557441A2B2A853D00ED2637 /* ExerciseCounterMainView.swift in Sources */,
				356792C22B186804005B83D5 /* ProgramTableViewCellModel.swift in Sources */,
				355744162B2A7DBB00ED2637 /* ExerciseCounterViewController.swift in Sources */,
				357A35722B13803400F991B6 /* KeychainType.swift in Sources */,
				3563A7502AF085270037C029 /* AppDelegate.swift in Sources */,
				358673172B15B83600AAE6C7 /* Training.swift in Sources */,
				35B0BCD62B0CEB0900F6F99B /* LoginViewController.swift in Sources */,
				3563A7522AF085270037C029 /* SceneDelegate.swift in Sources */,
				350FCFA92B15BB2F00B4738A /* TrainingRepositoryProtocol.swift in Sources */,
				357A35882B14302C00F991B6 /* LoginCoordinatorProtocol.swift in Sources */,
				350FCFB42B15CCDA00B4738A /* ProgramTableViewCell.swift in Sources */,
				357A357E2B14176200F991B6 /* Coordinator.swift in Sources */,
				357A35812B1417D300F991B6 /* RootCoordinator.swift in Sources */,
				357A356F2B137D0000F991B6 /* KeychainManager.swift in Sources */,
				355744152B2A7DBB00ED2637 /* ExerciseCounterModels.swift in Sources */,
				357A35832B142D3300F991B6 /* MainCoordinator.swift in Sources */,
				35C90D0B2B0EE2A90055FA62 /* User.swift in Sources */,
				357A357A2B140AF000F991B6 /* KeychainError.swift in Sources */,
				357A358E2B143A1600F991B6 /* CoordinatorType.swift in Sources */,
				35B0BCD82B0CEB5300F6F99B /* MainViewController.swift in Sources */,
				355744172B2A7DBB00ED2637 /* ExerciseCounterInteractor.swift in Sources */,
				356792C42B186CAE005B83D5 /* ProgramTableHeaderView.swift in Sources */,
				357F1DB62B1485E4006F9CFB /* PullUpProgramDTO.swift in Sources */,
				357F1DB92B14870E006F9CFB /* UITableView+Extension.swift in Sources */,
				358673132B15B03A00AAE6C7 /* TrainingUseCase.swift in Sources */,
				355DFB942B3DB0AC0025EB89 /* Provider.swift in Sources */,
				35C90CFC2B0EC9D70055FA62 /* LoginMainView.swift in Sources */,
				350FCFAE2B15C6BE00B4738A /* TrainingDataSourceProtocol.swift in Sources */,
				350FCFB02B15C74800B4738A /* TrainingDataSource.swift in Sources */,
				350FCFAB2B15C65F00B4738A /* TrainingRepository.swift in Sources */,
				3557441C2B2A911100ED2637 /* MainCoordinatorProtocol.swift in Sources */,
				355DFB912B3DAF090025EB89 /* TargetType.swift in Sources */,
				3557441E2B2AA2BF00ED2637 /* ExerciseCounterCoordinatorProtocol.swift in Sources */,
				35C90D082B0ED7160055FA62 /* LoginViewModel.swift in Sources */,
				357A35862B142DB800F991B6 /* RootCoordinatorProtocol.swift in Sources */,
				355744142B2A7DBB00ED2637 /* ExerciseCounterRouter.swift in Sources */,
				357A35782B13821F00F991B6 /* Auth.swift in Sources */,
				357A358A2B14305500F991B6 /* CoordinatorFinishDelegate.swift in Sources */,
				350FCFB22B15C93500B4738A /* MainViewModel.swift in Sources */,
			);
			runOnlyForDeploymentPostprocessing = 0;
		};
		3563A7612AF085270037C029 /* Sources */ = {
			isa = PBXSourcesBuildPhase;
			buildActionMask = 2147483647;
			files = (
				3563A76A2AF085270037C029 /* RaiseMeUpTests.swift in Sources */,
			);
			runOnlyForDeploymentPostprocessing = 0;
		};
		3563A76B2AF085270037C029 /* Sources */ = {
			isa = PBXSourcesBuildPhase;
			buildActionMask = 2147483647;
			files = (
				3563A7762AF085270037C029 /* RaiseMeUpUITestsLaunchTests.swift in Sources */,
				3563A7742AF085270037C029 /* RaiseMeUpUITests.swift in Sources */,
			);
			runOnlyForDeploymentPostprocessing = 0;
		};
/* End PBXSourcesBuildPhase section */

/* Begin PBXTargetDependency section */
		3563A7672AF085270037C029 /* PBXTargetDependency */ = {
			isa = PBXTargetDependency;
			target = 3563A74B2AF085270037C029 /* RaiseMeUp */;
			targetProxy = 3563A7662AF085270037C029 /* PBXContainerItemProxy */;
		};
		3563A7712AF085270037C029 /* PBXTargetDependency */ = {
			isa = PBXTargetDependency;
			target = 3563A74B2AF085270037C029 /* RaiseMeUp */;
			targetProxy = 3563A7702AF085270037C029 /* PBXContainerItemProxy */;
		};
/* End PBXTargetDependency section */

/* Begin PBXVariantGroup section */
		3563A75D2AF085270037C029 /* LaunchScreen.storyboard */ = {
			isa = PBXVariantGroup;
			children = (
				3563A75E2AF085270037C029 /* Base */,
				351871AE2B2034EB00E79C4F /* ko-KR */,
			);
			name = LaunchScreen.storyboard;
			sourceTree = "<group>";
		};
/* End PBXVariantGroup section */

/* Begin XCBuildConfiguration section */
		3563A7772AF085270037C029 /* Debug */ = {
			isa = XCBuildConfiguration;
			buildSettings = {
				ALWAYS_SEARCH_USER_PATHS = NO;
				CLANG_ANALYZER_LOCALIZABILITY_NONLOCALIZED = YES;
				CLANG_ANALYZER_NONNULL = YES;
				CLANG_ANALYZER_NUMBER_OBJECT_CONVERSION = YES_AGGRESSIVE;
				CLANG_CXX_LANGUAGE_STANDARD = "gnu++20";
				CLANG_ENABLE_MODULES = YES;
				CLANG_ENABLE_OBJC_ARC = YES;
				CLANG_ENABLE_OBJC_WEAK = YES;
				CLANG_WARN_BLOCK_CAPTURE_AUTORELEASING = YES;
				CLANG_WARN_BOOL_CONVERSION = YES;
				CLANG_WARN_COMMA = YES;
				CLANG_WARN_CONSTANT_CONVERSION = YES;
				CLANG_WARN_DEPRECATED_OBJC_IMPLEMENTATIONS = YES;
				CLANG_WARN_DIRECT_OBJC_ISA_USAGE = YES_ERROR;
				CLANG_WARN_DOCUMENTATION_COMMENTS = YES;
				CLANG_WARN_EMPTY_BODY = YES;
				CLANG_WARN_ENUM_CONVERSION = YES;
				CLANG_WARN_INFINITE_RECURSION = YES;
				CLANG_WARN_INT_CONVERSION = YES;
				CLANG_WARN_NON_LITERAL_NULL_CONVERSION = YES;
				CLANG_WARN_OBJC_IMPLICIT_RETAIN_SELF = YES;
				CLANG_WARN_OBJC_LITERAL_CONVERSION = YES;
				CLANG_WARN_OBJC_ROOT_CLASS = YES_ERROR;
				CLANG_WARN_QUOTED_INCLUDE_IN_FRAMEWORK_HEADER = YES;
				CLANG_WARN_RANGE_LOOP_ANALYSIS = YES;
				CLANG_WARN_STRICT_PROTOTYPES = YES;
				CLANG_WARN_SUSPICIOUS_MOVE = YES;
				CLANG_WARN_UNGUARDED_AVAILABILITY = YES_AGGRESSIVE;
				CLANG_WARN_UNREACHABLE_CODE = YES;
				CLANG_WARN__DUPLICATE_METHOD_MATCH = YES;
				COPY_PHASE_STRIP = NO;
				DEBUG_INFORMATION_FORMAT = "dwarf-with-dsym";
				ENABLE_STRICT_OBJC_MSGSEND = YES;
				ENABLE_TESTABILITY = YES;
				GCC_C_LANGUAGE_STANDARD = gnu11;
				GCC_DYNAMIC_NO_PIC = NO;
				GCC_NO_COMMON_BLOCKS = YES;
				GCC_OPTIMIZATION_LEVEL = 0;
				GCC_PREPROCESSOR_DEFINITIONS = (
					"DEBUG=1",
					"$(inherited)",
				);
				GCC_WARN_64_TO_32_BIT_CONVERSION = YES;
				GCC_WARN_ABOUT_RETURN_TYPE = YES_ERROR;
				GCC_WARN_UNDECLARED_SELECTOR = YES;
				GCC_WARN_UNINITIALIZED_AUTOS = YES_AGGRESSIVE;
				GCC_WARN_UNUSED_FUNCTION = YES;
				GCC_WARN_UNUSED_VARIABLE = YES;
				IPHONEOS_DEPLOYMENT_TARGET = 16.4;
				MTL_ENABLE_DEBUG_INFO = INCLUDE_SOURCE;
				MTL_FAST_MATH = YES;
				ONLY_ACTIVE_ARCH = YES;
				OTHER_LDFLAGS = "";
				SDKROOT = iphoneos;
				SWIFT_ACTIVE_COMPILATION_CONDITIONS = DEBUG;
				SWIFT_OPTIMIZATION_LEVEL = "-Onone";
			};
			name = Debug;
		};
		3563A7782AF085270037C029 /* Release */ = {
			isa = XCBuildConfiguration;
			buildSettings = {
				ALWAYS_SEARCH_USER_PATHS = NO;
				CLANG_ANALYZER_LOCALIZABILITY_NONLOCALIZED = YES;
				CLANG_ANALYZER_NONNULL = YES;
				CLANG_ANALYZER_NUMBER_OBJECT_CONVERSION = YES_AGGRESSIVE;
				CLANG_CXX_LANGUAGE_STANDARD = "gnu++20";
				CLANG_ENABLE_MODULES = YES;
				CLANG_ENABLE_OBJC_ARC = YES;
				CLANG_ENABLE_OBJC_WEAK = YES;
				CLANG_WARN_BLOCK_CAPTURE_AUTORELEASING = YES;
				CLANG_WARN_BOOL_CONVERSION = YES;
				CLANG_WARN_COMMA = YES;
				CLANG_WARN_CONSTANT_CONVERSION = YES;
				CLANG_WARN_DEPRECATED_OBJC_IMPLEMENTATIONS = YES;
				CLANG_WARN_DIRECT_OBJC_ISA_USAGE = YES_ERROR;
				CLANG_WARN_DOCUMENTATION_COMMENTS = YES;
				CLANG_WARN_EMPTY_BODY = YES;
				CLANG_WARN_ENUM_CONVERSION = YES;
				CLANG_WARN_INFINITE_RECURSION = YES;
				CLANG_WARN_INT_CONVERSION = YES;
				CLANG_WARN_NON_LITERAL_NULL_CONVERSION = YES;
				CLANG_WARN_OBJC_IMPLICIT_RETAIN_SELF = YES;
				CLANG_WARN_OBJC_LITERAL_CONVERSION = YES;
				CLANG_WARN_OBJC_ROOT_CLASS = YES_ERROR;
				CLANG_WARN_QUOTED_INCLUDE_IN_FRAMEWORK_HEADER = YES;
				CLANG_WARN_RANGE_LOOP_ANALYSIS = YES;
				CLANG_WARN_STRICT_PROTOTYPES = YES;
				CLANG_WARN_SUSPICIOUS_MOVE = YES;
				CLANG_WARN_UNGUARDED_AVAILABILITY = YES_AGGRESSIVE;
				CLANG_WARN_UNREACHABLE_CODE = YES;
				CLANG_WARN__DUPLICATE_METHOD_MATCH = YES;
				COPY_PHASE_STRIP = NO;
				DEBUG_INFORMATION_FORMAT = "dwarf-with-dsym";
				ENABLE_NS_ASSERTIONS = NO;
				ENABLE_STRICT_OBJC_MSGSEND = YES;
				GCC_C_LANGUAGE_STANDARD = gnu11;
				GCC_NO_COMMON_BLOCKS = YES;
				GCC_WARN_64_TO_32_BIT_CONVERSION = YES;
				GCC_WARN_ABOUT_RETURN_TYPE = YES_ERROR;
				GCC_WARN_UNDECLARED_SELECTOR = YES;
				GCC_WARN_UNINITIALIZED_AUTOS = YES_AGGRESSIVE;
				GCC_WARN_UNUSED_FUNCTION = YES;
				GCC_WARN_UNUSED_VARIABLE = YES;
				IPHONEOS_DEPLOYMENT_TARGET = 16.4;
				MTL_ENABLE_DEBUG_INFO = NO;
				MTL_FAST_MATH = YES;
				OTHER_LDFLAGS = "";
				SDKROOT = iphoneos;
				SWIFT_COMPILATION_MODE = wholemodule;
				SWIFT_OPTIMIZATION_LEVEL = "-O";
				VALIDATE_PRODUCT = YES;
			};
			name = Release;
		};
		3563A77A2AF085270037C029 /* Debug */ = {
			isa = XCBuildConfiguration;
			buildSettings = {
				ASSETCATALOG_COMPILER_APPICON_NAME = AppIcon;
				ASSETCATALOG_COMPILER_GLOBAL_ACCENT_COLOR_NAME = AccentColor;
				CODE_SIGN_ENTITLEMENTS = RaiseMeUp/RaiseMeUp.entitlements;
				CODE_SIGN_STYLE = Automatic;
				CURRENT_PROJECT_VERSION = 1;
				DEVELOPMENT_TEAM = DD8KP9C4KQ;
				GENERATE_INFOPLIST_FILE = YES;
				INFOPLIST_FILE = RaiseMeUp/Resources/Info.plist;
				INFOPLIST_KEY_LSApplicationCategoryType = "public.app-category.sports";
				INFOPLIST_KEY_UIApplicationSupportsIndirectInputEvents = YES;
				INFOPLIST_KEY_UILaunchStoryboardName = LaunchScreen;
				INFOPLIST_KEY_UISupportedInterfaceOrientations = UIInterfaceOrientationPortrait;
				INFOPLIST_KEY_UISupportedInterfaceOrientations_iPad = "UIInterfaceOrientationLandscapeLeft UIInterfaceOrientationLandscapeRight UIInterfaceOrientationPortrait UIInterfaceOrientationPortraitUpsideDown";
				IPHONEOS_DEPLOYMENT_TARGET = 15.0;
				LD_RUNPATH_SEARCH_PATHS = (
					"$(inherited)",
					"@executable_path/Frameworks",
				);
				MARKETING_VERSION = 1.0;
				PRODUCT_BUNDLE_IDENTIFIER = com.peter1119.RaiseMeUp;
				PRODUCT_NAME = "$(TARGET_NAME)";
				SWIFT_EMIT_LOC_STRINGS = YES;
				SWIFT_VERSION = 5.0;
				TARGETED_DEVICE_FAMILY = "1,2";
			};
			name = Debug;
		};
		3563A77B2AF085270037C029 /* Release */ = {
			isa = XCBuildConfiguration;
			buildSettings = {
				ASSETCATALOG_COMPILER_APPICON_NAME = AppIcon;
				ASSETCATALOG_COMPILER_GLOBAL_ACCENT_COLOR_NAME = AccentColor;
				CODE_SIGN_ENTITLEMENTS = RaiseMeUp/RaiseMeUp.entitlements;
				CODE_SIGN_STYLE = Automatic;
				CURRENT_PROJECT_VERSION = 1;
				DEVELOPMENT_TEAM = DD8KP9C4KQ;
				GENERATE_INFOPLIST_FILE = YES;
				INFOPLIST_FILE = RaiseMeUp/Resources/Info.plist;
				INFOPLIST_KEY_LSApplicationCategoryType = "public.app-category.sports";
				INFOPLIST_KEY_UIApplicationSupportsIndirectInputEvents = YES;
				INFOPLIST_KEY_UILaunchStoryboardName = LaunchScreen;
				INFOPLIST_KEY_UISupportedInterfaceOrientations = UIInterfaceOrientationPortrait;
				INFOPLIST_KEY_UISupportedInterfaceOrientations_iPad = "UIInterfaceOrientationLandscapeLeft UIInterfaceOrientationLandscapeRight UIInterfaceOrientationPortrait UIInterfaceOrientationPortraitUpsideDown";
				IPHONEOS_DEPLOYMENT_TARGET = 15.0;
				LD_RUNPATH_SEARCH_PATHS = (
					"$(inherited)",
					"@executable_path/Frameworks",
				);
				MARKETING_VERSION = 1.0;
				PRODUCT_BUNDLE_IDENTIFIER = com.peter1119.RaiseMeUp;
				PRODUCT_NAME = "$(TARGET_NAME)";
				SWIFT_EMIT_LOC_STRINGS = YES;
				SWIFT_VERSION = 5.0;
				TARGETED_DEVICE_FAMILY = "1,2";
			};
			name = Release;
		};
		3563A77D2AF085270037C029 /* Debug */ = {
			isa = XCBuildConfiguration;
			buildSettings = {
				ALWAYS_EMBED_SWIFT_STANDARD_LIBRARIES = YES;
				BUNDLE_LOADER = "$(TEST_HOST)";
				CODE_SIGN_STYLE = Automatic;
				CURRENT_PROJECT_VERSION = 1;
				DEVELOPMENT_TEAM = 96H5TT55S4;
				GENERATE_INFOPLIST_FILE = YES;
				IPHONEOS_DEPLOYMENT_TARGET = 16.4;
				MARKETING_VERSION = 1.0;
				PRODUCT_BUNDLE_IDENTIFIER = com.peter1119.RaiseMeUpTests;
				PRODUCT_NAME = "$(TARGET_NAME)";
				SWIFT_EMIT_LOC_STRINGS = NO;
				SWIFT_VERSION = 5.0;
				TARGETED_DEVICE_FAMILY = "1,2";
				TEST_HOST = "$(BUILT_PRODUCTS_DIR)/RaiseMeUp.app/$(BUNDLE_EXECUTABLE_FOLDER_PATH)/RaiseMeUp";
			};
			name = Debug;
		};
		3563A77E2AF085270037C029 /* Release */ = {
			isa = XCBuildConfiguration;
			buildSettings = {
				ALWAYS_EMBED_SWIFT_STANDARD_LIBRARIES = YES;
				BUNDLE_LOADER = "$(TEST_HOST)";
				CODE_SIGN_STYLE = Automatic;
				CURRENT_PROJECT_VERSION = 1;
				DEVELOPMENT_TEAM = 96H5TT55S4;
				GENERATE_INFOPLIST_FILE = YES;
				IPHONEOS_DEPLOYMENT_TARGET = 16.4;
				MARKETING_VERSION = 1.0;
				PRODUCT_BUNDLE_IDENTIFIER = com.peter1119.RaiseMeUpTests;
				PRODUCT_NAME = "$(TARGET_NAME)";
				SWIFT_EMIT_LOC_STRINGS = NO;
				SWIFT_VERSION = 5.0;
				TARGETED_DEVICE_FAMILY = "1,2";
				TEST_HOST = "$(BUILT_PRODUCTS_DIR)/RaiseMeUp.app/$(BUNDLE_EXECUTABLE_FOLDER_PATH)/RaiseMeUp";
			};
			name = Release;
		};
		3563A7802AF085270037C029 /* Debug */ = {
			isa = XCBuildConfiguration;
			buildSettings = {
				ALWAYS_EMBED_SWIFT_STANDARD_LIBRARIES = YES;
				CODE_SIGN_STYLE = Automatic;
				CURRENT_PROJECT_VERSION = 1;
				DEVELOPMENT_TEAM = 96H5TT55S4;
				GENERATE_INFOPLIST_FILE = YES;
				MARKETING_VERSION = 1.0;
				PRODUCT_BUNDLE_IDENTIFIER = com.peter1119.RaiseMeUpUITests;
				PRODUCT_NAME = "$(TARGET_NAME)";
				SWIFT_EMIT_LOC_STRINGS = NO;
				SWIFT_VERSION = 5.0;
				TARGETED_DEVICE_FAMILY = "1,2";
				TEST_TARGET_NAME = RaiseMeUp;
			};
			name = Debug;
		};
		3563A7812AF085270037C029 /* Release */ = {
			isa = XCBuildConfiguration;
			buildSettings = {
				ALWAYS_EMBED_SWIFT_STANDARD_LIBRARIES = YES;
				CODE_SIGN_STYLE = Automatic;
				CURRENT_PROJECT_VERSION = 1;
				DEVELOPMENT_TEAM = 96H5TT55S4;
				GENERATE_INFOPLIST_FILE = YES;
				MARKETING_VERSION = 1.0;
				PRODUCT_BUNDLE_IDENTIFIER = com.peter1119.RaiseMeUpUITests;
				PRODUCT_NAME = "$(TARGET_NAME)";
				SWIFT_EMIT_LOC_STRINGS = NO;
				SWIFT_VERSION = 5.0;
				TARGETED_DEVICE_FAMILY = "1,2";
				TEST_TARGET_NAME = RaiseMeUp;
			};
			name = Release;
		};
/* End XCBuildConfiguration section */

/* Begin XCConfigurationList section */
		3563A7472AF085270037C029 /* Build configuration list for PBXProject "RaiseMeUp" */ = {
			isa = XCConfigurationList;
			buildConfigurations = (
				3563A7772AF085270037C029 /* Debug */,
				3563A7782AF085270037C029 /* Release */,
			);
			defaultConfigurationIsVisible = 0;
			defaultConfigurationName = Release;
		};
		3563A7792AF085270037C029 /* Build configuration list for PBXNativeTarget "RaiseMeUp" */ = {
			isa = XCConfigurationList;
			buildConfigurations = (
				3563A77A2AF085270037C029 /* Debug */,
				3563A77B2AF085270037C029 /* Release */,
			);
			defaultConfigurationIsVisible = 0;
			defaultConfigurationName = Release;
		};
		3563A77C2AF085270037C029 /* Build configuration list for PBXNativeTarget "RaiseMeUpTests" */ = {
			isa = XCConfigurationList;
			buildConfigurations = (
				3563A77D2AF085270037C029 /* Debug */,
				3563A77E2AF085270037C029 /* Release */,
			);
			defaultConfigurationIsVisible = 0;
			defaultConfigurationName = Release;
		};
		3563A77F2AF085270037C029 /* Build configuration list for PBXNativeTarget "RaiseMeUpUITests" */ = {
			isa = XCConfigurationList;
			buildConfigurations = (
				3563A7802AF085270037C029 /* Debug */,
				3563A7812AF085270037C029 /* Release */,
			);
			defaultConfigurationIsVisible = 0;
			defaultConfigurationName = Release;
		};
/* End XCConfigurationList section */

/* Begin XCRemoteSwiftPackageReference section */
		35F90B792AF6329A003C96D7 /* XCRemoteSwiftPackageReference "firebase-ios-sdk" */ = {
			isa = XCRemoteSwiftPackageReference;
			repositoryURL = "https://github.com/firebase/firebase-ios-sdk";
			requirement = {
				kind = exactVersion;
				version = 10.17.0;
			};
		};
/* End XCRemoteSwiftPackageReference section */

/* Begin XCSwiftPackageProductDependency section */
		35F90B7A2AF6329A003C96D7 /* FirebaseAnalytics */ = {
			isa = XCSwiftPackageProductDependency;
			package = 35F90B792AF6329A003C96D7 /* XCRemoteSwiftPackageReference "firebase-ios-sdk" */;
			productName = FirebaseAnalytics;
		};
		35F90B7C2AF6329A003C96D7 /* FirebaseAppCheck */ = {
			isa = XCSwiftPackageProductDependency;
			package = 35F90B792AF6329A003C96D7 /* XCRemoteSwiftPackageReference "firebase-ios-sdk" */;
			productName = FirebaseAppCheck;
		};
		35F90B7E2AF6329A003C96D7 /* FirebaseCrashlytics */ = {
			isa = XCSwiftPackageProductDependency;
			package = 35F90B792AF6329A003C96D7 /* XCRemoteSwiftPackageReference "firebase-ios-sdk" */;
			productName = FirebaseCrashlytics;
		};
		35F90B802AF6329A003C96D7 /* FirebaseFirestore */ = {
			isa = XCSwiftPackageProductDependency;
			package = 35F90B792AF6329A003C96D7 /* XCRemoteSwiftPackageReference "firebase-ios-sdk" */;
			productName = FirebaseFirestore;
		};
		35F90B822AF6329A003C96D7 /* FirebaseRemoteConfig */ = {
			isa = XCSwiftPackageProductDependency;
			package = 35F90B792AF6329A003C96D7 /* XCRemoteSwiftPackageReference "firebase-ios-sdk" */;
			productName = FirebaseRemoteConfig;
		};
/* End XCSwiftPackageProductDependency section */

/* Begin XCVersionGroup section */
		3563A7582AF085270037C029 /* RaiseMeUp.xcdatamodeld */ = {
			isa = XCVersionGroup;
			children = (
				3563A7592AF085270037C029 /* RaiseMeUp.xcdatamodel */,
			);
			currentVersion = 3563A7592AF085270037C029 /* RaiseMeUp.xcdatamodel */;
			path = RaiseMeUp.xcdatamodeld;
			sourceTree = "<group>";
			versionGroupType = wrapper.xcdatamodel;
		};
/* End XCVersionGroup section */
	};
	rootObject = 3563A7442AF085270037C029 /* Project object */;
}
